// !$*UTF8*$!
{
	archiveVersion = 1;
	classes = {
	};
	objectVersion = 56;
	objects = {

/* Begin PBXBuildFile section */
		0D46EB482A66AE1E00C65A7B /* MotionManager.swift in Sources */ = {isa = PBXBuildFile; fileRef = 0D46EB472A66AE1E00C65A7B /* MotionManager.swift */; };
		0D46EB4B2A66AE5B00C65A7B /* SpriteScene.swift in Sources */ = {isa = PBXBuildFile; fileRef = 0D46EB4A2A66AE5B00C65A7B /* SpriteScene.swift */; };
		0D46EB4E2A66AE7F00C65A7B /* CGSize.swift in Sources */ = {isa = PBXBuildFile; fileRef = 0D46EB4D2A66AE7F00C65A7B /* CGSize.swift */; };
		0D46EB502A66AE8800C65A7B /* Color+.swift in Sources */ = {isa = PBXBuildFile; fileRef = 0D46EB4F2A66AE8800C65A7B /* Color+.swift */; };
		0D46EB522A66AE9400C65A7B /* UIColor+.swift in Sources */ = {isa = PBXBuildFile; fileRef = 0D46EB512A66AE9400C65A7B /* UIColor+.swift */; };
		0D46EB542A66AEBB00C65A7B /* Assets.swift in Sources */ = {isa = PBXBuildFile; fileRef = 0D46EB532A66AEBB00C65A7B /* Assets.swift */; };
		0DB89B5C2A67C5130055FD93 /* BackGroundView.swift in Sources */ = {isa = PBXBuildFile; fileRef = 0DB89B5B2A67C5130055FD93 /* BackGroundView.swift */; };
		0DB89B602A67C8D30055FD93 /* HistoryListCell.swift in Sources */ = {isa = PBXBuildFile; fileRef = 0DB89B5F2A67C8D30055FD93 /* HistoryListCell.swift */; };
		86428B872A65AD8700B2CA7D /* DetailView.swift in Sources */ = {isa = PBXBuildFile; fileRef = 86428B632A65AD8700B2CA7D /* DetailView.swift */; };
		86428B8B2A65AD8700B2CA7D /* MainView.swift in Sources */ = {isa = PBXBuildFile; fileRef = 86428B6B2A65AD8700B2CA7D /* MainView.swift */; };
		86428B8E2A65AD8700B2CA7D /* FirebaseNetwork.swift in Sources */ = {isa = PBXBuildFile; fileRef = 86428B702A65AD8700B2CA7D /* FirebaseNetwork.swift */; };
		86428B8F2A65AD8700B2CA7D /* SampleManager.swift in Sources */ = {isa = PBXBuildFile; fileRef = 86428B722A65AD8700B2CA7D /* SampleManager.swift */; };
		86428B902A65AD8700B2CA7D /* DBUser.swift in Sources */ = {isa = PBXBuildFile; fileRef = 86428B742A65AD8700B2CA7D /* DBUser.swift */; };
		86428B912A65AD8700B2CA7D /* Font.swift in Sources */ = {isa = PBXBuildFile; fileRef = 86428B762A65AD8700B2CA7D /* Font.swift */; };
		86428B922A65AD8700B2CA7D /* ReciveHistoryViewModel.swift in Sources */ = {isa = PBXBuildFile; fileRef = 86428B792A65AD8700B2CA7D /* ReciveHistoryViewModel.swift */; };
		86428B932A65AD8700B2CA7D /* WirteHistoryViewModel.swift in Sources */ = {isa = PBXBuildFile; fileRef = 86428B7B2A65AD8700B2CA7D /* WirteHistoryViewModel.swift */; };
		86428B942A65AD8700B2CA7D /* DetailViewModel.swift in Sources */ = {isa = PBXBuildFile; fileRef = 86428B7D2A65AD8700B2CA7D /* DetailViewModel.swift */; };
		86428B952A65AD8700B2CA7D /* WriteViewModel.swift in Sources */ = {isa = PBXBuildFile; fileRef = 86428B7F2A65AD8700B2CA7D /* WriteViewModel.swift */; };
		86428B972A65AD8700B2CA7D /* MainViewModel.swift in Sources */ = {isa = PBXBuildFile; fileRef = 86428B832A65AD8700B2CA7D /* MainViewModel.swift */; };
		86428BA32A666ABD00B2CA7D /* AuthenticationView.swift in Sources */ = {isa = PBXBuildFile; fileRef = 86428B9D2A666ABC00B2CA7D /* AuthenticationView.swift */; };
		86428BA42A666ABD00B2CA7D /* TopViewControllerManager.swift in Sources */ = {isa = PBXBuildFile; fileRef = 86428B9E2A666ABC00B2CA7D /* TopViewControllerManager.swift */; };
		86428BA52A666ABD00B2CA7D /* AuthenticationManager.swift in Sources */ = {isa = PBXBuildFile; fileRef = 86428B9F2A666ABC00B2CA7D /* AuthenticationManager.swift */; };
		86428BA62A666ABD00B2CA7D /* SignInAppleHelper.swift in Sources */ = {isa = PBXBuildFile; fileRef = 86428BA02A666ABD00B2CA7D /* SignInAppleHelper.swift */; };
		86428BA82A666B3900B2CA7D /* AppleLoginButton.swift in Sources */ = {isa = PBXBuildFile; fileRef = 86428BA72A666B3900B2CA7D /* AppleLoginButton.swift */; };
		86428BAA2A666B8600B2CA7D /* SignWithAppleResult.swift in Sources */ = {isa = PBXBuildFile; fileRef = 86428BA92A666B8600B2CA7D /* SignWithAppleResult.swift */; };
		86428BAC2A666C0900B2CA7D /* AuthDataResult.swift in Sources */ = {isa = PBXBuildFile; fileRef = 86428BAB2A666C0900B2CA7D /* AuthDataResult.swift */; };
		86428BAF2A666D1C00B2CA7D /* AuthenticationViewModel.swift in Sources */ = {isa = PBXBuildFile; fileRef = 86428BAE2A666D1C00B2CA7D /* AuthenticationViewModel.swift */; };
		86428BB12A666E7500B2CA7D /* SettingViewModel.swift in Sources */ = {isa = PBXBuildFile; fileRef = 86428BB02A666E7500B2CA7D /* SettingViewModel.swift */; };
		865773202A65A18B00D40B59 /* LovelyCraneApp.swift in Sources */ = {isa = PBXBuildFile; fileRef = 8657731F2A65A18B00D40B59 /* LovelyCraneApp.swift */; };
		865773242A65A18C00D40B59 /* Assets.xcassets in Resources */ = {isa = PBXBuildFile; fileRef = 865773232A65A18C00D40B59 /* Assets.xcassets */; };
		865773272A65A18C00D40B59 /* Preview Assets.xcassets in Resources */ = {isa = PBXBuildFile; fileRef = 865773262A65A18C00D40B59 /* Preview Assets.xcassets */; };
		865773312A65A21100D40B59 /* FirebaseAuth in Frameworks */ = {isa = PBXBuildFile; productRef = 865773302A65A21100D40B59 /* FirebaseAuth */; };
		86682EB22A725E5000B21F9A /* SettingView.swift in Sources */ = {isa = PBXBuildFile; fileRef = 86682EB12A725E5000B21F9A /* SettingView.swift */; };
		86682EB42A729B8300B21F9A /* WriteHistoryView.swift in Sources */ = {isa = PBXBuildFile; fileRef = 86682EB32A729B8300B21F9A /* WriteHistoryView.swift */; };
		86682EB62A729C8800B21F9A /* NoWriteView.swift in Sources */ = {isa = PBXBuildFile; fileRef = 86682EB52A729C8800B21F9A /* NoWriteView.swift */; };
		86682EBA2A72B90500B21F9A /* LetterListsManager.swift in Sources */ = {isa = PBXBuildFile; fileRef = 86682EB92A72B90500B21F9A /* LetterListsManager.swift */; };
		86682EBC2A73A6C900B21F9A /* WriteHistoryCell.swift in Sources */ = {isa = PBXBuildFile; fileRef = 86682EBB2A73A6C900B21F9A /* WriteHistoryCell.swift */; };
		86682EBE2A73DC9000B21F9A /* NoReceivedView.swift in Sources */ = {isa = PBXBuildFile; fileRef = 86682EBD2A73DC9000B21F9A /* NoReceivedView.swift */; };
		86682EC02A73DCF800B21F9A /* ReceivedHistoryView.swift in Sources */ = {isa = PBXBuildFile; fileRef = 86682EBF2A73DCF800B21F9A /* ReceivedHistoryView.swift */; };
		86682EC22A73E3E400B21F9A /* ReceivedHistoryCell.swift in Sources */ = {isa = PBXBuildFile; fileRef = 86682EC12A73E3E400B21F9A /* ReceivedHistoryCell.swift */; };
		86E502942A6690060001D88A /* SignInGoogleHelper.swift in Sources */ = {isa = PBXBuildFile; fileRef = 86E502932A6690060001D88A /* SignInGoogleHelper.swift */; };
		86E502972A6691100001D88A /* GoogleSignIn in Frameworks */ = {isa = PBXBuildFile; productRef = 86E502962A6691100001D88A /* GoogleSignIn */; };
		86E502992A6691100001D88A /* GoogleSignInSwift in Frameworks */ = {isa = PBXBuildFile; productRef = 86E502982A6691100001D88A /* GoogleSignInSwift */; };
		86E5029C2A6691CF0001D88A /* SignWithGoogleResult.swift in Sources */ = {isa = PBXBuildFile; fileRef = 86E5029B2A6691CF0001D88A /* SignWithGoogleResult.swift */; };
		86E502B02A6862E50001D88A /* ViewRouter.swift in Sources */ = {isa = PBXBuildFile; fileRef = 86E502AF2A6862E50001D88A /* ViewRouter.swift */; };
		86E502B22A6D602D0001D88A /* NicknameViewModel.swift in Sources */ = {isa = PBXBuildFile; fileRef = 86E502B12A6D602D0001D88A /* NicknameViewModel.swift */; };
		86E502B42A6E54590001D88A /* LaunchScreenView.swift in Sources */ = {isa = PBXBuildFile; fileRef = 86E502B32A6E54590001D88A /* LaunchScreenView.swift */; };
		C37461C22A67ABD60078C457 /* DateManager.swift in Sources */ = {isa = PBXBuildFile; fileRef = C37461C12A67ABD60078C457 /* DateManager.swift */; };
		C37461C42A67AD220078C457 /* LetterModel.swift in Sources */ = {isa = PBXBuildFile; fileRef = C37461C32A67AD220078C457 /* LetterModel.swift */; };
		C37461C62A67AFE60078C457 /* ImagePicker.swift in Sources */ = {isa = PBXBuildFile; fileRef = C37461C52A67AFE60078C457 /* ImagePicker.swift */; };
		C37461C82A67C76C0078C457 /* KeyboardObserver.swift in Sources */ = {isa = PBXBuildFile; fileRef = C37461C72A67C76C0078C457 /* KeyboardObserver.swift */; };
		C37461CA2A6F1E3E0078C457 /* EnlargedImageView.swift in Sources */ = {isa = PBXBuildFile; fileRef = C37461C92A6F1E3E0078C457 /* EnlargedImageView.swift */; };
		C37461CC2A6FC3560078C457 /* Date.swift in Sources */ = {isa = PBXBuildFile; fileRef = C37461CB2A6FC3560078C457 /* Date.swift */; };
		C37461CD2A7262B70078C457 /* WriteView.swift in Sources */ = {isa = PBXBuildFile; fileRef = C37461BD2A66FEB30078C457 /* WriteView.swift */; };
		C729D9DD2A737F580003A9EB /* ContentView.swift in Sources */ = {isa = PBXBuildFile; fileRef = C729D9DC2A737F580003A9EB /* ContentView.swift */; };
		C7553CB02A65E5C100C2104B /* UserManager.swift in Sources */ = {isa = PBXBuildFile; fileRef = C7553CAF2A65E5C100C2104B /* UserManager.swift */; };
		C7553CB22A65E5F100C2104B /* NicknameView.swift in Sources */ = {isa = PBXBuildFile; fileRef = C7553CB12A65E5F100C2104B /* NicknameView.swift */; };
		C7553CB92A666E4C00C2104B /* FirebaseFirestoreCombine-Community in Frameworks */ = {isa = PBXBuildFile; productRef = C7553CB82A666E4C00C2104B /* FirebaseFirestoreCombine-Community */; };
		C75792B42A6B232900152A95 /* FirebaseFirestoreSwift in Frameworks */ = {isa = PBXBuildFile; productRef = C7553CBA2A666E4C00C2104B /* FirebaseFirestoreSwift */; };
		C75792B52A6B232900152A95 /* FirebaseFirestore in Frameworks */ = {isa = PBXBuildFile; productRef = C7553CB62A666E4C00C2104B /* FirebaseFirestore */; };
		C7599C972A70803E003FE9B7 /* SuccessCouplingView.swift in Sources */ = {isa = PBXBuildFile; fileRef = C7599C962A70803E003FE9B7 /* SuccessCouplingView.swift */; };
		C7607B502A6857D400565D62 /* CouplingView.swift in Sources */ = {isa = PBXBuildFile; fileRef = C7607B4F2A6857D400565D62 /* CouplingView.swift */; };
		C7607B522A69010600565D62 /* InputCodeView.swift in Sources */ = {isa = PBXBuildFile; fileRef = C7607B512A69010600565D62 /* InputCodeView.swift */; };
		C78210692A6F0FBC002C0407 /* InputCodeViewModel.swift in Sources */ = {isa = PBXBuildFile; fileRef = C78210682A6F0FBC002C0407 /* InputCodeViewModel.swift */; };
		C782106B2A6F90DC002C0407 /* UIScreen+.swift in Sources */ = {isa = PBXBuildFile; fileRef = C782106A2A6F90DC002C0407 /* UIScreen+.swift */; };
		C782106D2A6F9102002C0407 /* Font+.swift in Sources */ = {isa = PBXBuildFile; fileRef = C782106C2A6F9102002C0407 /* Font+.swift */; };
		C782106F2A6F9638002C0407 /* GoogleService-Info.plist in Resources */ = {isa = PBXBuildFile; fileRef = C782106E2A6F9638002C0407 /* GoogleService-Info.plist */; };
		C7C5C34A2A72FDE100B41F75 /* ToastAlert.swift in Sources */ = {isa = PBXBuildFile; fileRef = C7C5C3492A72FDE100B41F75 /* ToastAlert.swift */; };
		C7DE01372A73EAB1008F6F19 /* CoupleSuccessView.swift in Sources */ = {isa = PBXBuildFile; fileRef = C7DE01362A73EAB1008F6F19 /* CoupleSuccessView.swift */; };
		C7DE01392A73EB29008F6F19 /* NoneReceiveView.swift in Sources */ = {isa = PBXBuildFile; fileRef = C7DE01382A73EB29008F6F19 /* NoneReceiveView.swift */; };
		C7EB0EE72A69D9F200AAC2F4 /* StorageManager.swift in Sources */ = {isa = PBXBuildFile; fileRef = C7EB0EE62A69D9F200AAC2F4 /* StorageManager.swift */; };
		C7EB0EEE2A69DB7F00AAC2F4 /* FirebaseStorage in Frameworks */ = {isa = PBXBuildFile; productRef = C7EB0EED2A69DB7F00AAC2F4 /* FirebaseStorage */; };
/* End PBXBuildFile section */

/* Begin PBXFileReference section */
		0D46EB472A66AE1E00C65A7B /* MotionManager.swift */ = {isa = PBXFileReference; lastKnownFileType = sourcecode.swift; path = MotionManager.swift; sourceTree = "<group>"; };
		0D46EB4A2A66AE5B00C65A7B /* SpriteScene.swift */ = {isa = PBXFileReference; lastKnownFileType = sourcecode.swift; path = SpriteScene.swift; sourceTree = "<group>"; };
		0D46EB4D2A66AE7F00C65A7B /* CGSize.swift */ = {isa = PBXFileReference; lastKnownFileType = sourcecode.swift; path = CGSize.swift; sourceTree = "<group>"; };
		0D46EB4F2A66AE8800C65A7B /* Color+.swift */ = {isa = PBXFileReference; lastKnownFileType = sourcecode.swift; path = "Color+.swift"; sourceTree = "<group>"; };
		0D46EB512A66AE9400C65A7B /* UIColor+.swift */ = {isa = PBXFileReference; lastKnownFileType = sourcecode.swift; path = "UIColor+.swift"; sourceTree = "<group>"; };
		0D46EB532A66AEBB00C65A7B /* Assets.swift */ = {isa = PBXFileReference; lastKnownFileType = sourcecode.swift; path = Assets.swift; sourceTree = "<group>"; };
		0DB89B5B2A67C5130055FD93 /* BackGroundView.swift */ = {isa = PBXFileReference; lastKnownFileType = sourcecode.swift; path = BackGroundView.swift; sourceTree = "<group>"; };
		0DB89B5F2A67C8D30055FD93 /* HistoryListCell.swift */ = {isa = PBXFileReference; lastKnownFileType = sourcecode.swift; path = HistoryListCell.swift; sourceTree = "<group>"; };
		86428B632A65AD8700B2CA7D /* DetailView.swift */ = {isa = PBXFileReference; fileEncoding = 4; lastKnownFileType = sourcecode.swift; path = DetailView.swift; sourceTree = "<group>"; };
		86428B6B2A65AD8700B2CA7D /* MainView.swift */ = {isa = PBXFileReference; fileEncoding = 4; lastKnownFileType = sourcecode.swift; path = MainView.swift; sourceTree = "<group>"; };
		86428B702A65AD8700B2CA7D /* FirebaseNetwork.swift */ = {isa = PBXFileReference; fileEncoding = 4; lastKnownFileType = sourcecode.swift; path = FirebaseNetwork.swift; sourceTree = "<group>"; };
		86428B722A65AD8700B2CA7D /* SampleManager.swift */ = {isa = PBXFileReference; fileEncoding = 4; lastKnownFileType = sourcecode.swift; path = SampleManager.swift; sourceTree = "<group>"; };
		86428B742A65AD8700B2CA7D /* DBUser.swift */ = {isa = PBXFileReference; fileEncoding = 4; lastKnownFileType = sourcecode.swift; path = DBUser.swift; sourceTree = "<group>"; };
		86428B762A65AD8700B2CA7D /* Font.swift */ = {isa = PBXFileReference; fileEncoding = 4; lastKnownFileType = sourcecode.swift; path = Font.swift; sourceTree = "<group>"; };
		86428B792A65AD8700B2CA7D /* ReciveHistoryViewModel.swift */ = {isa = PBXFileReference; fileEncoding = 4; lastKnownFileType = sourcecode.swift; path = ReciveHistoryViewModel.swift; sourceTree = "<group>"; };
		86428B7B2A65AD8700B2CA7D /* WirteHistoryViewModel.swift */ = {isa = PBXFileReference; fileEncoding = 4; lastKnownFileType = sourcecode.swift; path = WirteHistoryViewModel.swift; sourceTree = "<group>"; };
		86428B7D2A65AD8700B2CA7D /* DetailViewModel.swift */ = {isa = PBXFileReference; fileEncoding = 4; lastKnownFileType = sourcecode.swift; path = DetailViewModel.swift; sourceTree = "<group>"; };
		86428B7F2A65AD8700B2CA7D /* WriteViewModel.swift */ = {isa = PBXFileReference; fileEncoding = 4; lastKnownFileType = sourcecode.swift; path = WriteViewModel.swift; sourceTree = "<group>"; };
		86428B832A65AD8700B2CA7D /* MainViewModel.swift */ = {isa = PBXFileReference; fileEncoding = 4; lastKnownFileType = sourcecode.swift; path = MainViewModel.swift; sourceTree = "<group>"; };
		86428B992A65B29C00B2CA7D /* LICENSE.md */ = {isa = PBXFileReference; lastKnownFileType = net.daringfireball.markdown; path = LICENSE.md; sourceTree = "<group>"; };
		86428B9D2A666ABC00B2CA7D /* AuthenticationView.swift */ = {isa = PBXFileReference; fileEncoding = 4; lastKnownFileType = sourcecode.swift; path = AuthenticationView.swift; sourceTree = "<group>"; };
		86428B9E2A666ABC00B2CA7D /* TopViewControllerManager.swift */ = {isa = PBXFileReference; fileEncoding = 4; lastKnownFileType = sourcecode.swift; path = TopViewControllerManager.swift; sourceTree = "<group>"; };
		86428B9F2A666ABC00B2CA7D /* AuthenticationManager.swift */ = {isa = PBXFileReference; fileEncoding = 4; lastKnownFileType = sourcecode.swift; path = AuthenticationManager.swift; sourceTree = "<group>"; };
		86428BA02A666ABD00B2CA7D /* SignInAppleHelper.swift */ = {isa = PBXFileReference; fileEncoding = 4; lastKnownFileType = sourcecode.swift; path = SignInAppleHelper.swift; sourceTree = "<group>"; };
		86428BA72A666B3900B2CA7D /* AppleLoginButton.swift */ = {isa = PBXFileReference; lastKnownFileType = sourcecode.swift; path = AppleLoginButton.swift; sourceTree = "<group>"; };
		86428BA92A666B8600B2CA7D /* SignWithAppleResult.swift */ = {isa = PBXFileReference; lastKnownFileType = sourcecode.swift; path = SignWithAppleResult.swift; sourceTree = "<group>"; };
		86428BAB2A666C0900B2CA7D /* AuthDataResult.swift */ = {isa = PBXFileReference; lastKnownFileType = sourcecode.swift; path = AuthDataResult.swift; sourceTree = "<group>"; };
		86428BAE2A666D1C00B2CA7D /* AuthenticationViewModel.swift */ = {isa = PBXFileReference; lastKnownFileType = sourcecode.swift; path = AuthenticationViewModel.swift; sourceTree = "<group>"; };
		86428BB02A666E7500B2CA7D /* SettingViewModel.swift */ = {isa = PBXFileReference; lastKnownFileType = sourcecode.swift; path = SettingViewModel.swift; sourceTree = "<group>"; };
		8657731C2A65A18B00D40B59 /* LovelyCrane.app */ = {isa = PBXFileReference; explicitFileType = wrapper.application; includeInIndex = 0; path = LovelyCrane.app; sourceTree = BUILT_PRODUCTS_DIR; };
		8657731F2A65A18B00D40B59 /* LovelyCraneApp.swift */ = {isa = PBXFileReference; lastKnownFileType = sourcecode.swift; path = LovelyCraneApp.swift; sourceTree = "<group>"; };
		865773232A65A18C00D40B59 /* Assets.xcassets */ = {isa = PBXFileReference; lastKnownFileType = folder.assetcatalog; path = Assets.xcassets; sourceTree = "<group>"; };
		865773262A65A18C00D40B59 /* Preview Assets.xcassets */ = {isa = PBXFileReference; lastKnownFileType = folder.assetcatalog; path = "Preview Assets.xcassets"; sourceTree = "<group>"; };
		8657733F2A65A41800D40B59 /* LovelyCrane.entitlements */ = {isa = PBXFileReference; lastKnownFileType = text.plist.entitlements; path = LovelyCrane.entitlements; sourceTree = "<group>"; };
		86682EB12A725E5000B21F9A /* SettingView.swift */ = {isa = PBXFileReference; lastKnownFileType = sourcecode.swift; path = SettingView.swift; sourceTree = "<group>"; };
		86682EB32A729B8300B21F9A /* WriteHistoryView.swift */ = {isa = PBXFileReference; lastKnownFileType = sourcecode.swift; path = WriteHistoryView.swift; sourceTree = "<group>"; };
		86682EB52A729C8800B21F9A /* NoWriteView.swift */ = {isa = PBXFileReference; lastKnownFileType = sourcecode.swift; path = NoWriteView.swift; sourceTree = "<group>"; };
		86682EB92A72B90500B21F9A /* LetterListsManager.swift */ = {isa = PBXFileReference; lastKnownFileType = sourcecode.swift; path = LetterListsManager.swift; sourceTree = "<group>"; };
		86682EBB2A73A6C900B21F9A /* WriteHistoryCell.swift */ = {isa = PBXFileReference; lastKnownFileType = sourcecode.swift; path = WriteHistoryCell.swift; sourceTree = "<group>"; };
		86682EBD2A73DC9000B21F9A /* NoReceivedView.swift */ = {isa = PBXFileReference; lastKnownFileType = sourcecode.swift; path = NoReceivedView.swift; sourceTree = "<group>"; };
		86682EBF2A73DCF800B21F9A /* ReceivedHistoryView.swift */ = {isa = PBXFileReference; lastKnownFileType = sourcecode.swift; path = ReceivedHistoryView.swift; sourceTree = "<group>"; };
		86682EC12A73E3E400B21F9A /* ReceivedHistoryCell.swift */ = {isa = PBXFileReference; lastKnownFileType = sourcecode.swift; path = ReceivedHistoryCell.swift; sourceTree = "<group>"; };
		86E502932A6690060001D88A /* SignInGoogleHelper.swift */ = {isa = PBXFileReference; lastKnownFileType = sourcecode.swift; path = SignInGoogleHelper.swift; sourceTree = "<group>"; };
		86E5029B2A6691CF0001D88A /* SignWithGoogleResult.swift */ = {isa = PBXFileReference; lastKnownFileType = sourcecode.swift; path = SignWithGoogleResult.swift; sourceTree = "<group>"; };
		86E502AF2A6862E50001D88A /* ViewRouter.swift */ = {isa = PBXFileReference; lastKnownFileType = sourcecode.swift; path = ViewRouter.swift; sourceTree = "<group>"; };
		86E502B12A6D602D0001D88A /* NicknameViewModel.swift */ = {isa = PBXFileReference; lastKnownFileType = sourcecode.swift; path = NicknameViewModel.swift; sourceTree = "<group>"; };
		86E502B32A6E54590001D88A /* LaunchScreenView.swift */ = {isa = PBXFileReference; lastKnownFileType = sourcecode.swift; path = LaunchScreenView.swift; sourceTree = "<group>"; };
		C37461BD2A66FEB30078C457 /* WriteView.swift */ = {isa = PBXFileReference; lastKnownFileType = sourcecode.swift; name = WriteView.swift; path = LovelyCrane/View/WritePage/WriteView.swift; sourceTree = SOURCE_ROOT; };
		C37461C12A67ABD60078C457 /* DateManager.swift */ = {isa = PBXFileReference; lastKnownFileType = sourcecode.swift; path = DateManager.swift; sourceTree = "<group>"; };
		C37461C32A67AD220078C457 /* LetterModel.swift */ = {isa = PBXFileReference; lastKnownFileType = sourcecode.swift; path = LetterModel.swift; sourceTree = "<group>"; };
		C37461C52A67AFE60078C457 /* ImagePicker.swift */ = {isa = PBXFileReference; lastKnownFileType = sourcecode.swift; path = ImagePicker.swift; sourceTree = "<group>"; };
		C37461C72A67C76C0078C457 /* KeyboardObserver.swift */ = {isa = PBXFileReference; lastKnownFileType = sourcecode.swift; path = KeyboardObserver.swift; sourceTree = "<group>"; };
		C37461C92A6F1E3E0078C457 /* EnlargedImageView.swift */ = {isa = PBXFileReference; lastKnownFileType = sourcecode.swift; path = EnlargedImageView.swift; sourceTree = "<group>"; };
		C37461CB2A6FC3560078C457 /* Date.swift */ = {isa = PBXFileReference; lastKnownFileType = sourcecode.swift; path = Date.swift; sourceTree = "<group>"; };
		C729D9DC2A737F580003A9EB /* ContentView.swift */ = {isa = PBXFileReference; lastKnownFileType = sourcecode.swift; path = ContentView.swift; sourceTree = "<group>"; };
		C7553CAF2A65E5C100C2104B /* UserManager.swift */ = {isa = PBXFileReference; lastKnownFileType = sourcecode.swift; path = UserManager.swift; sourceTree = "<group>"; };
		C7553CB12A65E5F100C2104B /* NicknameView.swift */ = {isa = PBXFileReference; lastKnownFileType = sourcecode.swift; path = NicknameView.swift; sourceTree = "<group>"; };
		C7599C962A70803E003FE9B7 /* SuccessCouplingView.swift */ = {isa = PBXFileReference; lastKnownFileType = sourcecode.swift; path = SuccessCouplingView.swift; sourceTree = "<group>"; };
		C7607B4F2A6857D400565D62 /* CouplingView.swift */ = {isa = PBXFileReference; lastKnownFileType = sourcecode.swift; path = CouplingView.swift; sourceTree = "<group>"; };
		C7607B512A69010600565D62 /* InputCodeView.swift */ = {isa = PBXFileReference; lastKnownFileType = sourcecode.swift; path = InputCodeView.swift; sourceTree = "<group>"; };
		C78210682A6F0FBC002C0407 /* InputCodeViewModel.swift */ = {isa = PBXFileReference; lastKnownFileType = sourcecode.swift; path = InputCodeViewModel.swift; sourceTree = "<group>"; };
		C782106A2A6F90DC002C0407 /* UIScreen+.swift */ = {isa = PBXFileReference; lastKnownFileType = sourcecode.swift; path = "UIScreen+.swift"; sourceTree = "<group>"; };
		C782106C2A6F9102002C0407 /* Font+.swift */ = {isa = PBXFileReference; lastKnownFileType = sourcecode.swift; path = "Font+.swift"; sourceTree = "<group>"; };
		C782106E2A6F9638002C0407 /* GoogleService-Info.plist */ = {isa = PBXFileReference; fileEncoding = 4; lastKnownFileType = text.plist.xml; path = "GoogleService-Info.plist"; sourceTree = "<group>"; };
		C7C5C3492A72FDE100B41F75 /* ToastAlert.swift */ = {isa = PBXFileReference; lastKnownFileType = sourcecode.swift; path = ToastAlert.swift; sourceTree = "<group>"; };
		C7DE01362A73EAB1008F6F19 /* CoupleSuccessView.swift */ = {isa = PBXFileReference; lastKnownFileType = sourcecode.swift; path = CoupleSuccessView.swift; sourceTree = "<group>"; };
		C7DE01382A73EB29008F6F19 /* NoneReceiveView.swift */ = {isa = PBXFileReference; lastKnownFileType = sourcecode.swift; path = NoneReceiveView.swift; sourceTree = "<group>"; };
		C7EB0EE52A69CDE800AAC2F4 /* Info.plist */ = {isa = PBXFileReference; lastKnownFileType = text.plist; path = Info.plist; sourceTree = "<group>"; };
		C7EB0EE62A69D9F200AAC2F4 /* StorageManager.swift */ = {isa = PBXFileReference; lastKnownFileType = sourcecode.swift; path = StorageManager.swift; sourceTree = "<group>"; };
/* End PBXFileReference section */

/* Begin PBXFrameworksBuildPhase section */
		865773192A65A18B00D40B59 /* Frameworks */ = {
			isa = PBXFrameworksBuildPhase;
			buildActionMask = 2147483647;
			files = (
				C75792B52A6B232900152A95 /* FirebaseFirestore in Frameworks */,
				C75792B42A6B232900152A95 /* FirebaseFirestoreSwift in Frameworks */,
				86E502992A6691100001D88A /* GoogleSignInSwift in Frameworks */,
				C7553CB92A666E4C00C2104B /* FirebaseFirestoreCombine-Community in Frameworks */,
				865773312A65A21100D40B59 /* FirebaseAuth in Frameworks */,
				86E502972A6691100001D88A /* GoogleSignIn in Frameworks */,
				C7EB0EEE2A69DB7F00AAC2F4 /* FirebaseStorage in Frameworks */,
			);
			runOnlyForDeploymentPostprocessing = 0;
		};
/* End PBXFrameworksBuildPhase section */

/* Begin PBXGroup section */
		0D46EB492A66AE4A00C65A7B /* SpriteKit */ = {
			isa = PBXGroup;
			children = (
				0D46EB4A2A66AE5B00C65A7B /* SpriteScene.swift */,
			);
			path = SpriteKit;
			sourceTree = "<group>";
		};
		0D46EB4C2A66AE6C00C65A7B /* Ext+ */ = {
			isa = PBXGroup;
			children = (
				0D46EB4D2A66AE7F00C65A7B /* CGSize.swift */,
				C782106C2A6F9102002C0407 /* Font+.swift */,
				0D46EB4F2A66AE8800C65A7B /* Color+.swift */,
				0D46EB512A66AE9400C65A7B /* UIColor+.swift */,
				C782106A2A6F90DC002C0407 /* UIScreen+.swift */,
				C37461CB2A6FC3560078C457 /* Date.swift */,
			);
			path = "Ext+";
			sourceTree = "<group>";
		};
		0DB89B5D2A67C54D0055FD93 /* Components */ = {
			isa = PBXGroup;
			children = (
				0DB89B5B2A67C5130055FD93 /* BackGroundView.swift */,
				0DB89B5F2A67C8D30055FD93 /* HistoryListCell.swift */,
				C7C5C3492A72FDE100B41F75 /* ToastAlert.swift */,
				C7DE01362A73EAB1008F6F19 /* CoupleSuccessView.swift */,
			);
			path = Components;
			sourceTree = "<group>";
		};
		86428B5F2A65AD8700B2CA7D /* View */ = {
			isa = PBXGroup;
			children = (
				C78210662A6F0F33002C0407 /* ConnectPage */,
				86428B602A65AD8700B2CA7D /* WriteHistory */,
				86428B622A65AD8700B2CA7D /* DetailPage */,
				86428B642A65AD8700B2CA7D /* WritePage */,
				86428B662A65AD8700B2CA7D /* ReceiveHistory */,
				86428B682A65AD8700B2CA7D /* Setting */,
				86428B6A2A65AD8700B2CA7D /* Main */,
				86428B6D2A65AD8700B2CA7D /* Login */,
			);
			path = View;
			sourceTree = "<group>";
		};
		86428B602A65AD8700B2CA7D /* WriteHistory */ = {
			isa = PBXGroup;
			children = (
				86682EB32A729B8300B21F9A /* WriteHistoryView.swift */,
				86682EBB2A73A6C900B21F9A /* WriteHistoryCell.swift */,
				86682EB52A729C8800B21F9A /* NoWriteView.swift */,
			);
			path = WriteHistory;
			sourceTree = "<group>";
		};
		86428B622A65AD8700B2CA7D /* DetailPage */ = {
			isa = PBXGroup;
			children = (
				86428B632A65AD8700B2CA7D /* DetailView.swift */,
			);
			path = DetailPage;
			sourceTree = "<group>";
		};
		86428B642A65AD8700B2CA7D /* WritePage */ = {
			isa = PBXGroup;
			children = (
				C37461BD2A66FEB30078C457 /* WriteView.swift */,
				C37461C92A6F1E3E0078C457 /* EnlargedImageView.swift */,
			);
			path = WritePage;
			sourceTree = "<group>";
		};
		86428B662A65AD8700B2CA7D /* ReceiveHistory */ = {
			isa = PBXGroup;
			children = (
				86682EBD2A73DC9000B21F9A /* NoReceivedView.swift */,
				86682EBF2A73DCF800B21F9A /* ReceivedHistoryView.swift */,
				86682EC12A73E3E400B21F9A /* ReceivedHistoryCell.swift */,
			);
			path = ReceiveHistory;
			sourceTree = "<group>";
		};
		86428B682A65AD8700B2CA7D /* Setting */ = {
			isa = PBXGroup;
			children = (
				86682EB12A725E5000B21F9A /* SettingView.swift */,
			);
			path = Setting;
			sourceTree = "<group>";
		};
		86428B6A2A65AD8700B2CA7D /* Main */ = {
			isa = PBXGroup;
			children = (
				86428B6B2A65AD8700B2CA7D /* MainView.swift */,
			);
			path = Main;
			sourceTree = "<group>";
		};
		86428B6D2A65AD8700B2CA7D /* Login */ = {
			isa = PBXGroup;
			children = (
				C7553CB12A65E5F100C2104B /* NicknameView.swift */,
				86428B9D2A666ABC00B2CA7D /* AuthenticationView.swift */,
				86428BA72A666B3900B2CA7D /* AppleLoginButton.swift */,
			);
			path = Login;
			sourceTree = "<group>";
		};
		86428B6F2A65AD8700B2CA7D /* Network */ = {
			isa = PBXGroup;
			children = (
				C7553CAE2A65E5B500C2104B /* FireStore */,
				86428B702A65AD8700B2CA7D /* FirebaseNetwork.swift */,
			);
			path = Network;
			sourceTree = "<group>";
		};
		86428B712A65AD8700B2CA7D /* Manager */ = {
			isa = PBXGroup;
			children = (
				0D46EB472A66AE1E00C65A7B /* MotionManager.swift */,
				86682EB92A72B90500B21F9A /* LetterListsManager.swift */,
				86428BAD2A666C6200B2CA7D /* Helpers */,
				86428B722A65AD8700B2CA7D /* SampleManager.swift */,
				86428B9F2A666ABC00B2CA7D /* AuthenticationManager.swift */,
				86428B9E2A666ABC00B2CA7D /* TopViewControllerManager.swift */,
				C37461C12A67ABD60078C457 /* DateManager.swift */,
				C37461C52A67AFE60078C457 /* ImagePicker.swift */,
				C37461C72A67C76C0078C457 /* KeyboardObserver.swift */,
			);
			path = Manager;
			sourceTree = "<group>";
		};
		86428B732A65AD8700B2CA7D /* Model */ = {
			isa = PBXGroup;
			children = (
				86428B742A65AD8700B2CA7D /* DBUser.swift */,
				86428BA92A666B8600B2CA7D /* SignWithAppleResult.swift */,
				C37461C32A67AD220078C457 /* LetterModel.swift */,
				86E5029B2A6691CF0001D88A /* SignWithGoogleResult.swift */,
				86428BAB2A666C0900B2CA7D /* AuthDataResult.swift */,
			);
			path = Model;
			sourceTree = "<group>";
		};
		86428B752A65AD8700B2CA7D /* Common */ = {
			isa = PBXGroup;
			children = (
				0DB89B5D2A67C54D0055FD93 /* Components */,
				86428B762A65AD8700B2CA7D /* Font.swift */,
				0D46EB532A66AEBB00C65A7B /* Assets.swift */,
			);
			path = Common;
			sourceTree = "<group>";
		};
		86428B772A65AD8700B2CA7D /* ViewModel */ = {
			isa = PBXGroup;
			children = (
				C78210672A6F0F42002C0407 /* ConnectPage */,
				86428B782A65AD8700B2CA7D /* ReciveHistory */,
				86428B7A2A65AD8700B2CA7D /* WriteHistory */,
				86428B7C2A65AD8700B2CA7D /* DetailPage */,
				86428B7E2A65AD8700B2CA7D /* WritePage */,
				86428B802A65AD8700B2CA7D /* Setting */,
				86428B822A65AD8700B2CA7D /* MainView */,
				86428B842A65AD8700B2CA7D /* LoginView */,
			);
			path = ViewModel;
			sourceTree = "<group>";
		};
		86428B782A65AD8700B2CA7D /* ReciveHistory */ = {
			isa = PBXGroup;
			children = (
				86428B792A65AD8700B2CA7D /* ReciveHistoryViewModel.swift */,
			);
			path = ReciveHistory;
			sourceTree = "<group>";
		};
		86428B7A2A65AD8700B2CA7D /* WriteHistory */ = {
			isa = PBXGroup;
			children = (
				86428B7B2A65AD8700B2CA7D /* WirteHistoryViewModel.swift */,
			);
			path = WriteHistory;
			sourceTree = "<group>";
		};
		86428B7C2A65AD8700B2CA7D /* DetailPage */ = {
			isa = PBXGroup;
			children = (
				86428B7D2A65AD8700B2CA7D /* DetailViewModel.swift */,
			);
			path = DetailPage;
			sourceTree = "<group>";
		};
		86428B7E2A65AD8700B2CA7D /* WritePage */ = {
			isa = PBXGroup;
			children = (
				86428B7F2A65AD8700B2CA7D /* WriteViewModel.swift */,
			);
			path = WritePage;
			sourceTree = "<group>";
		};
		86428B802A65AD8700B2CA7D /* Setting */ = {
			isa = PBXGroup;
			children = (
				86428BB02A666E7500B2CA7D /* SettingViewModel.swift */,
			);
			path = Setting;
			sourceTree = "<group>";
		};
		86428B822A65AD8700B2CA7D /* MainView */ = {
			isa = PBXGroup;
			children = (
				86428B832A65AD8700B2CA7D /* MainViewModel.swift */,
			);
			path = MainView;
			sourceTree = "<group>";
		};
		86428B842A65AD8700B2CA7D /* LoginView */ = {
			isa = PBXGroup;
			children = (
				86428BAE2A666D1C00B2CA7D /* AuthenticationViewModel.swift */,
				86E502B12A6D602D0001D88A /* NicknameViewModel.swift */,
				86E502B32A6E54590001D88A /* LaunchScreenView.swift */,
			);
			path = LoginView;
			sourceTree = "<group>";
		};
		86428BAD2A666C6200B2CA7D /* Helpers */ = {
			isa = PBXGroup;
			children = (
				86428BA02A666ABD00B2CA7D /* SignInAppleHelper.swift */,
				86E502932A6690060001D88A /* SignInGoogleHelper.swift */,
			);
			path = Helpers;
			sourceTree = "<group>";
		};
		865773132A65A18B00D40B59 = {
			isa = PBXGroup;
			children = (
				8657731E2A65A18B00D40B59 /* LovelyCrane */,
				8657731D2A65A18B00D40B59 /* Products */,
			);
			sourceTree = "<group>";
		};
		8657731D2A65A18B00D40B59 /* Products */ = {
			isa = PBXGroup;
			children = (
				8657731C2A65A18B00D40B59 /* LovelyCrane.app */,
			);
			name = Products;
			sourceTree = "<group>";
		};
		8657731E2A65A18B00D40B59 /* LovelyCrane */ = {
			isa = PBXGroup;
			children = (
				C782106E2A6F9638002C0407 /* GoogleService-Info.plist */,
				C7EB0EE52A69CDE800AAC2F4 /* Info.plist */,
				8657733F2A65A41800D40B59 /* LovelyCrane.entitlements */,
				0D46EB4C2A66AE6C00C65A7B /* Ext+ */,
				0D46EB492A66AE4A00C65A7B /* SpriteKit */,
				86428B752A65AD8700B2CA7D /* Common */,
				86428B712A65AD8700B2CA7D /* Manager */,
				86428B732A65AD8700B2CA7D /* Model */,
				86428B6F2A65AD8700B2CA7D /* Network */,
				86428B5F2A65AD8700B2CA7D /* View */,
				86428B772A65AD8700B2CA7D /* ViewModel */,
				8657731F2A65A18B00D40B59 /* LovelyCraneApp.swift */,
				C729D9DC2A737F580003A9EB /* ContentView.swift */,
				86E502AF2A6862E50001D88A /* ViewRouter.swift */,
				865773232A65A18C00D40B59 /* Assets.xcassets */,
				865773252A65A18C00D40B59 /* Preview Content */,
				86428B992A65B29C00B2CA7D /* LICENSE.md */,
			);
			path = LovelyCrane;
			sourceTree = "<group>";
		};
		865773252A65A18C00D40B59 /* Preview Content */ = {
			isa = PBXGroup;
			children = (
				865773262A65A18C00D40B59 /* Preview Assets.xcassets */,
			);
			path = "Preview Content";
			sourceTree = "<group>";
		};
		C7553CAE2A65E5B500C2104B /* FireStore */ = {
			isa = PBXGroup;
			children = (
				C7553CAF2A65E5C100C2104B /* UserManager.swift */,
				C7EB0EE62A69D9F200AAC2F4 /* StorageManager.swift */,
			);
			path = FireStore;
			sourceTree = "<group>";
		};
		C78210662A6F0F33002C0407 /* ConnectPage */ = {
			isa = PBXGroup;
			children = (
				C7607B4F2A6857D400565D62 /* CouplingView.swift */,
				C7599C962A70803E003FE9B7 /* SuccessCouplingView.swift */,
				C7607B512A69010600565D62 /* InputCodeView.swift */,
			);
			path = ConnectPage;
			sourceTree = "<group>";
		};
		C78210672A6F0F42002C0407 /* ConnectPage */ = {
			isa = PBXGroup;
			children = (
				C78210682A6F0FBC002C0407 /* InputCodeViewModel.swift */,
			);
			path = ConnectPage;
			sourceTree = "<group>";
		};
/* End PBXGroup section */

/* Begin PBXNativeTarget section */
		8657731B2A65A18B00D40B59 /* LovelyCrane */ = {
			isa = PBXNativeTarget;
			buildConfigurationList = 8657732A2A65A18C00D40B59 /* Build configuration list for PBXNativeTarget "LovelyCrane" */;
			buildPhases = (
				865773182A65A18B00D40B59 /* Sources */,
				865773192A65A18B00D40B59 /* Frameworks */,
				8657731A2A65A18B00D40B59 /* Resources */,
			);
			buildRules = (
			);
			dependencies = (
			);
			name = LovelyCrane;
			packageProductDependencies = (
				865773302A65A21100D40B59 /* FirebaseAuth */,
				C7553CBA2A666E4C00C2104B /* FirebaseFirestoreSwift */,
				86E502962A6691100001D88A /* GoogleSignIn */,
				86E502982A6691100001D88A /* GoogleSignInSwift */,
				C7553CB62A666E4C00C2104B /* FirebaseFirestore */,
			);
			productName = LovelyCrane;
			productReference = 8657731C2A65A18B00D40B59 /* LovelyCrane.app */;
			productType = "com.apple.product-type.application";
		};
/* End PBXNativeTarget section */

/* Begin PBXProject section */
		865773142A65A18B00D40B59 /* Project object */ = {
			isa = PBXProject;
			attributes = {
				BuildIndependentTargetsInParallel = 1;
				LastSwiftUpdateCheck = 1430;
				LastUpgradeCheck = 1430;
				TargetAttributes = {
					8657731B2A65A18B00D40B59 = {
						CreatedOnToolsVersion = 14.3;
					};
				};
			};
			buildConfigurationList = 865773172A65A18B00D40B59 /* Build configuration list for PBXProject "LovelyCrane" */;
			compatibilityVersion = "Xcode 14.0";
			developmentRegion = en;
			hasScannedForEncodings = 0;
			knownRegions = (
				en,
				Base,
			);
			mainGroup = 865773132A65A18B00D40B59;
			packageReferences = (
				8657732F2A65A21100D40B59 /* XCRemoteSwiftPackageReference "firebase-ios-sdk" */,
				86E502952A6691100001D88A /* XCRemoteSwiftPackageReference "GoogleSignIn-iOS" */,
			);
			productRefGroup = 8657731D2A65A18B00D40B59 /* Products */;
			projectDirPath = "";
			projectRoot = "";
			targets = (
				8657731B2A65A18B00D40B59 /* LovelyCrane */,
			);
		};
/* End PBXProject section */

/* Begin PBXResourcesBuildPhase section */
		8657731A2A65A18B00D40B59 /* Resources */ = {
			isa = PBXResourcesBuildPhase;
			buildActionMask = 2147483647;
			files = (
				865773272A65A18C00D40B59 /* Preview Assets.xcassets in Resources */,
				865773242A65A18C00D40B59 /* Assets.xcassets in Resources */,
				C782106F2A6F9638002C0407 /* GoogleService-Info.plist in Resources */,
			);
			runOnlyForDeploymentPostprocessing = 0;
		};
/* End PBXResourcesBuildPhase section */

/* Begin PBXSourcesBuildPhase section */
		865773182A65A18B00D40B59 /* Sources */ = {
			isa = PBXSourcesBuildPhase;
			buildActionMask = 2147483647;
			files = (
				86682EBE2A73DC9000B21F9A /* NoReceivedView.swift in Sources */,
				C37461CA2A6F1E3E0078C457 /* EnlargedImageView.swift in Sources */,
				86428BAC2A666C0900B2CA7D /* AuthDataResult.swift in Sources */,
				0D46EB4E2A66AE7F00C65A7B /* CGSize.swift in Sources */,
				86E502B22A6D602D0001D88A /* NicknameViewModel.swift in Sources */,
				86428B8B2A65AD8700B2CA7D /* MainView.swift in Sources */,
				86682EBA2A72B90500B21F9A /* LetterListsManager.swift in Sources */,
				86428B872A65AD8700B2CA7D /* DetailView.swift in Sources */,
				C37461C62A67AFE60078C457 /* ImagePicker.swift in Sources */,
				86428BAA2A666B8600B2CA7D /* SignWithAppleResult.swift in Sources */,
				86428B972A65AD8700B2CA7D /* MainViewModel.swift in Sources */,
				C37461C22A67ABD60078C457 /* DateManager.swift in Sources */,
				86428BAF2A666D1C00B2CA7D /* AuthenticationViewModel.swift in Sources */,
				86682EC22A73E3E400B21F9A /* ReceivedHistoryCell.swift in Sources */,
				86428BA42A666ABD00B2CA7D /* TopViewControllerManager.swift in Sources */,
				0DB89B5C2A67C5130055FD93 /* BackGroundView.swift in Sources */,
				86428B952A65AD8700B2CA7D /* WriteViewModel.swift in Sources */,
				86682EB22A725E5000B21F9A /* SettingView.swift in Sources */,
				0D46EB522A66AE9400C65A7B /* UIColor+.swift in Sources */,
				C7599C972A70803E003FE9B7 /* SuccessCouplingView.swift in Sources */,
				0D46EB522A66AE9400C65A7B /* UIColor+.swift in Sources */,
				86428B922A65AD8700B2CA7D /* ReciveHistoryViewModel.swift in Sources */,
				86E502B02A6862E50001D88A /* ViewRouter.swift in Sources */,
				C7553CB02A65E5C100C2104B /* UserManager.swift in Sources */,
				C37461C42A67AD220078C457 /* LetterModel.swift in Sources */,
				86428B8F2A65AD8700B2CA7D /* SampleManager.swift in Sources */,
				0D46EB4B2A66AE5B00C65A7B /* SpriteScene.swift in Sources */,
				C729D9DD2A737F580003A9EB /* ContentView.swift in Sources */,
				86428B942A65AD8700B2CA7D /* DetailViewModel.swift in Sources */,
				C782106D2A6F9102002C0407 /* Font+.swift in Sources */,
				86428BA52A666ABD00B2CA7D /* AuthenticationManager.swift in Sources */,
				86682EB62A729C8800B21F9A /* NoWriteView.swift in Sources */,
				86E502B42A6E54590001D88A /* LaunchScreenView.swift in Sources */,
				86428BB12A666E7500B2CA7D /* SettingViewModel.swift in Sources */,
				86428B912A65AD8700B2CA7D /* Font.swift in Sources */,
				C7EB0EE72A69D9F200AAC2F4 /* StorageManager.swift in Sources */,
				C37461CC2A6FC3560078C457 /* Date.swift in Sources */,
				C7553CB22A65E5F100C2104B /* NicknameView.swift in Sources */,
				C7607B522A69010600565D62 /* InputCodeView.swift in Sources */,
				86428B932A65AD8700B2CA7D /* WirteHistoryViewModel.swift in Sources */,
				0D46EB502A66AE8800C65A7B /* Color+.swift in Sources */,
				C37461CD2A7262B70078C457 /* WriteView.swift in Sources */,
				86428B8E2A65AD8700B2CA7D /* FirebaseNetwork.swift in Sources */,
				86E502942A6690060001D88A /* SignInGoogleHelper.swift in Sources */,
				C7DE01372A73EAB1008F6F19 /* CoupleSuccessView.swift in Sources */,
				0DB89B602A67C8D30055FD93 /* HistoryListCell.swift in Sources */,
				86428BA32A666ABD00B2CA7D /* AuthenticationView.swift in Sources */,
				C7C5C34A2A72FDE100B41F75 /* ToastAlert.swift in Sources */,
				C78210692A6F0FBC002C0407 /* InputCodeViewModel.swift in Sources */,
				86428BA82A666B3900B2CA7D /* AppleLoginButton.swift in Sources */,
				86682EC02A73DCF800B21F9A /* ReceivedHistoryView.swift in Sources */,
				0D46EB542A66AEBB00C65A7B /* Assets.swift in Sources */,
				C37461C82A67C76C0078C457 /* KeyboardObserver.swift in Sources */,
				C7607B502A6857D400565D62 /* CouplingView.swift in Sources */,
				865773202A65A18B00D40B59 /* LovelyCraneApp.swift in Sources */,
				86682EB42A729B8300B21F9A /* WriteHistoryView.swift in Sources */,
				86428B902A65AD8700B2CA7D /* DBUser.swift in Sources */,
				C782106B2A6F90DC002C0407 /* UIScreen+.swift in Sources */,
				86682EBC2A73A6C900B21F9A /* WriteHistoryCell.swift in Sources */,
				86E5029C2A6691CF0001D88A /* SignWithGoogleResult.swift in Sources */,
				86428BA62A666ABD00B2CA7D /* SignInAppleHelper.swift in Sources */,
				0D46EB482A66AE1E00C65A7B /* MotionManager.swift in Sources */,
			);
			runOnlyForDeploymentPostprocessing = 0;
		};
/* End PBXSourcesBuildPhase section */

/* Begin XCBuildConfiguration section */
		865773282A65A18C00D40B59 /* Debug */ = {
			isa = XCBuildConfiguration;
			buildSettings = {
				ALWAYS_SEARCH_USER_PATHS = NO;
				CLANG_ANALYZER_NONNULL = YES;
				CLANG_ANALYZER_NUMBER_OBJECT_CONVERSION = YES_AGGRESSIVE;
				CLANG_CXX_LANGUAGE_STANDARD = "gnu++20";
				CLANG_ENABLE_MODULES = YES;
				CLANG_ENABLE_OBJC_ARC = YES;
				CLANG_ENABLE_OBJC_WEAK = YES;
				CLANG_WARN_BLOCK_CAPTURE_AUTORELEASING = YES;
				CLANG_WARN_BOOL_CONVERSION = YES;
				CLANG_WARN_COMMA = YES;
				CLANG_WARN_CONSTANT_CONVERSION = YES;
				CLANG_WARN_DEPRECATED_OBJC_IMPLEMENTATIONS = YES;
				CLANG_WARN_DIRECT_OBJC_ISA_USAGE = YES_ERROR;
				CLANG_WARN_DOCUMENTATION_COMMENTS = YES;
				CLANG_WARN_EMPTY_BODY = YES;
				CLANG_WARN_ENUM_CONVERSION = YES;
				CLANG_WARN_INFINITE_RECURSION = YES;
				CLANG_WARN_INT_CONVERSION = YES;
				CLANG_WARN_NON_LITERAL_NULL_CONVERSION = YES;
				CLANG_WARN_OBJC_IMPLICIT_RETAIN_SELF = YES;
				CLANG_WARN_OBJC_LITERAL_CONVERSION = YES;
				CLANG_WARN_OBJC_ROOT_CLASS = YES_ERROR;
				CLANG_WARN_QUOTED_INCLUDE_IN_FRAMEWORK_HEADER = YES;
				CLANG_WARN_RANGE_LOOP_ANALYSIS = YES;
				CLANG_WARN_STRICT_PROTOTYPES = YES;
				CLANG_WARN_SUSPICIOUS_MOVE = YES;
				CLANG_WARN_UNGUARDED_AVAILABILITY = YES_AGGRESSIVE;
				CLANG_WARN_UNREACHABLE_CODE = YES;
				CLANG_WARN__DUPLICATE_METHOD_MATCH = YES;
				COPY_PHASE_STRIP = NO;
				DEBUG_INFORMATION_FORMAT = dwarf;
				ENABLE_STRICT_OBJC_MSGSEND = YES;
				ENABLE_TESTABILITY = YES;
				GCC_C_LANGUAGE_STANDARD = gnu11;
				GCC_DYNAMIC_NO_PIC = NO;
				GCC_NO_COMMON_BLOCKS = YES;
				GCC_OPTIMIZATION_LEVEL = 0;
				GCC_PREPROCESSOR_DEFINITIONS = (
					"DEBUG=1",
					"$(inherited)",
				);
				GCC_WARN_64_TO_32_BIT_CONVERSION = YES;
				GCC_WARN_ABOUT_RETURN_TYPE = YES_ERROR;
				GCC_WARN_UNDECLARED_SELECTOR = YES;
				GCC_WARN_UNINITIALIZED_AUTOS = YES_AGGRESSIVE;
				GCC_WARN_UNUSED_FUNCTION = YES;
				GCC_WARN_UNUSED_VARIABLE = YES;
				IPHONEOS_DEPLOYMENT_TARGET = 16.0;
				MTL_ENABLE_DEBUG_INFO = INCLUDE_SOURCE;
				MTL_FAST_MATH = YES;
				ONLY_ACTIVE_ARCH = YES;
				SDKROOT = iphoneos;
				SWIFT_ACTIVE_COMPILATION_CONDITIONS = DEBUG;
				SWIFT_OPTIMIZATION_LEVEL = "-Onone";
			};
			name = Debug;
		};
		865773292A65A18C00D40B59 /* Release */ = {
			isa = XCBuildConfiguration;
			buildSettings = {
				ALWAYS_SEARCH_USER_PATHS = NO;
				CLANG_ANALYZER_NONNULL = YES;
				CLANG_ANALYZER_NUMBER_OBJECT_CONVERSION = YES_AGGRESSIVE;
				CLANG_CXX_LANGUAGE_STANDARD = "gnu++20";
				CLANG_ENABLE_MODULES = YES;
				CLANG_ENABLE_OBJC_ARC = YES;
				CLANG_ENABLE_OBJC_WEAK = YES;
				CLANG_WARN_BLOCK_CAPTURE_AUTORELEASING = YES;
				CLANG_WARN_BOOL_CONVERSION = YES;
				CLANG_WARN_COMMA = YES;
				CLANG_WARN_CONSTANT_CONVERSION = YES;
				CLANG_WARN_DEPRECATED_OBJC_IMPLEMENTATIONS = YES;
				CLANG_WARN_DIRECT_OBJC_ISA_USAGE = YES_ERROR;
				CLANG_WARN_DOCUMENTATION_COMMENTS = YES;
				CLANG_WARN_EMPTY_BODY = YES;
				CLANG_WARN_ENUM_CONVERSION = YES;
				CLANG_WARN_INFINITE_RECURSION = YES;
				CLANG_WARN_INT_CONVERSION = YES;
				CLANG_WARN_NON_LITERAL_NULL_CONVERSION = YES;
				CLANG_WARN_OBJC_IMPLICIT_RETAIN_SELF = YES;
				CLANG_WARN_OBJC_LITERAL_CONVERSION = YES;
				CLANG_WARN_OBJC_ROOT_CLASS = YES_ERROR;
				CLANG_WARN_QUOTED_INCLUDE_IN_FRAMEWORK_HEADER = YES;
				CLANG_WARN_RANGE_LOOP_ANALYSIS = YES;
				CLANG_WARN_STRICT_PROTOTYPES = YES;
				CLANG_WARN_SUSPICIOUS_MOVE = YES;
				CLANG_WARN_UNGUARDED_AVAILABILITY = YES_AGGRESSIVE;
				CLANG_WARN_UNREACHABLE_CODE = YES;
				CLANG_WARN__DUPLICATE_METHOD_MATCH = YES;
				COPY_PHASE_STRIP = NO;
				DEBUG_INFORMATION_FORMAT = "dwarf-with-dsym";
				ENABLE_NS_ASSERTIONS = NO;
				ENABLE_STRICT_OBJC_MSGSEND = YES;
				GCC_C_LANGUAGE_STANDARD = gnu11;
				GCC_NO_COMMON_BLOCKS = YES;
				GCC_WARN_64_TO_32_BIT_CONVERSION = YES;
				GCC_WARN_ABOUT_RETURN_TYPE = YES_ERROR;
				GCC_WARN_UNDECLARED_SELECTOR = YES;
				GCC_WARN_UNINITIALIZED_AUTOS = YES_AGGRESSIVE;
				GCC_WARN_UNUSED_FUNCTION = YES;
				GCC_WARN_UNUSED_VARIABLE = YES;
				IPHONEOS_DEPLOYMENT_TARGET = 16.0;
				MTL_ENABLE_DEBUG_INFO = NO;
				MTL_FAST_MATH = YES;
				SDKROOT = iphoneos;
				SWIFT_COMPILATION_MODE = wholemodule;
				SWIFT_OPTIMIZATION_LEVEL = "-O";
				VALIDATE_PRODUCT = YES;
			};
			name = Release;
		};
		8657732B2A65A18C00D40B59 /* Debug */ = {
			isa = XCBuildConfiguration;
			buildSettings = {
				ASSETCATALOG_COMPILER_APPICON_NAME = AppIcon;
				ASSETCATALOG_COMPILER_GLOBAL_ACCENT_COLOR_NAME = AccentColor;
				CODE_SIGN_ENTITLEMENTS = LovelyCrane/LovelyCrane.entitlements;
				CODE_SIGN_IDENTITY = "Apple Development";
				CODE_SIGN_STYLE = Automatic;
				CURRENT_PROJECT_VERSION = 1;
				DEVELOPMENT_ASSET_PATHS = "\"LovelyCrane/Preview Content\"";
				DEVELOPMENT_TEAM = NG2NLR2Z86;
				ENABLE_PREVIEWS = YES;
				GENERATE_INFOPLIST_FILE = YES;
				INFOPLIST_FILE = LovelyCrane/Info.plist;
				INFOPLIST_KEY_NSPhotoLibraryUsageDescription = "LovelyCrane uses camera";
				INFOPLIST_KEY_UIApplicationSceneManifest_Generation = YES;
				INFOPLIST_KEY_UIApplicationSupportsIndirectInputEvents = YES;
				INFOPLIST_KEY_UISupportedInterfaceOrientations = "UIInterfaceOrientationLandscapeLeft UIInterfaceOrientationLandscapeRight UIInterfaceOrientationPortrait";
				INFOPLIST_KEY_UISupportedInterfaceOrientations_iPad = "UIInterfaceOrientationLandscapeLeft UIInterfaceOrientationLandscapeRight UIInterfaceOrientationPortrait UIInterfaceOrientationPortraitUpsideDown";
				IPHONEOS_DEPLOYMENT_TARGET = 16.0;
				LD_RUNPATH_SEARCH_PATHS = (
					"$(inherited)",
					"@executable_path/Frameworks",
				);
				MARKETING_VERSION = 1.0;
				PRODUCT_BUNDLE_IDENTIFIER = com.muteki.LovelyCrane;
				PRODUCT_NAME = "$(TARGET_NAME)";
				PROVISIONING_PROFILE_SPECIFIER = "";
				SUPPORTED_PLATFORMS = "iphoneos iphonesimulator";
				SUPPORTS_MACCATALYST = NO;
				SUPPORTS_MAC_DESIGNED_FOR_IPHONE_IPAD = NO;
				SWIFT_EMIT_LOC_STRINGS = YES;
				SWIFT_VERSION = 5.0;
				TARGETED_DEVICE_FAMILY = 1;
			};
			name = Debug;
		};
		8657732C2A65A18C00D40B59 /* Release */ = {
			isa = XCBuildConfiguration;
			buildSettings = {
				ASSETCATALOG_COMPILER_APPICON_NAME = AppIcon;
				ASSETCATALOG_COMPILER_GLOBAL_ACCENT_COLOR_NAME = AccentColor;
				CODE_SIGN_ENTITLEMENTS = LovelyCrane/LovelyCrane.entitlements;
				CODE_SIGN_IDENTITY = "Apple Development";
				CODE_SIGN_STYLE = Automatic;
				CURRENT_PROJECT_VERSION = 1;
				DEVELOPMENT_ASSET_PATHS = "\"LovelyCrane/Preview Content\"";
				DEVELOPMENT_TEAM = NG2NLR2Z86;
				ENABLE_PREVIEWS = YES;
				GENERATE_INFOPLIST_FILE = YES;
				INFOPLIST_FILE = LovelyCrane/Info.plist;
				INFOPLIST_KEY_NSPhotoLibraryUsageDescription = "LovelyCrane uses camera";
				INFOPLIST_KEY_UIApplicationSceneManifest_Generation = YES;
				INFOPLIST_KEY_UIApplicationSupportsIndirectInputEvents = YES;
				INFOPLIST_KEY_UISupportedInterfaceOrientations = "UIInterfaceOrientationLandscapeLeft UIInterfaceOrientationLandscapeRight UIInterfaceOrientationPortrait";
				INFOPLIST_KEY_UISupportedInterfaceOrientations_iPad = "UIInterfaceOrientationLandscapeLeft UIInterfaceOrientationLandscapeRight UIInterfaceOrientationPortrait UIInterfaceOrientationPortraitUpsideDown";
				IPHONEOS_DEPLOYMENT_TARGET = 16.0;
				LD_RUNPATH_SEARCH_PATHS = (
					"$(inherited)",
					"@executable_path/Frameworks",
				);
				MARKETING_VERSION = 1.0;
				PRODUCT_BUNDLE_IDENTIFIER = com.muteki.LovelyCrane;
				PRODUCT_NAME = "$(TARGET_NAME)";
				PROVISIONING_PROFILE_SPECIFIER = "";
				SUPPORTED_PLATFORMS = "iphoneos iphonesimulator";
				SUPPORTS_MACCATALYST = NO;
				SUPPORTS_MAC_DESIGNED_FOR_IPHONE_IPAD = NO;
				SWIFT_EMIT_LOC_STRINGS = YES;
				SWIFT_VERSION = 5.0;
				TARGETED_DEVICE_FAMILY = 1;
			};
			name = Release;
		};
/* End XCBuildConfiguration section */

/* Begin XCConfigurationList section */
		865773172A65A18B00D40B59 /* Build configuration list for PBXProject "LovelyCrane" */ = {
			isa = XCConfigurationList;
			buildConfigurations = (
				865773282A65A18C00D40B59 /* Debug */,
				865773292A65A18C00D40B59 /* Release */,
			);
			defaultConfigurationIsVisible = 0;
			defaultConfigurationName = Release;
		};
		8657732A2A65A18C00D40B59 /* Build configuration list for PBXNativeTarget "LovelyCrane" */ = {
			isa = XCConfigurationList;
			buildConfigurations = (
				8657732B2A65A18C00D40B59 /* Debug */,
				8657732C2A65A18C00D40B59 /* Release */,
			);
			defaultConfigurationIsVisible = 0;
			defaultConfigurationName = Release;
		};
/* End XCConfigurationList section */

/* Begin XCRemoteSwiftPackageReference section */
		8657732F2A65A21100D40B59 /* XCRemoteSwiftPackageReference "firebase-ios-sdk" */ = {
			isa = XCRemoteSwiftPackageReference;
			repositoryURL = "https://github.com/firebase/firebase-ios-sdk";
			requirement = {
				kind = upToNextMajorVersion;
				minimumVersion = 10.0.0;
			};
		};
		86E502952A6691100001D88A /* XCRemoteSwiftPackageReference "GoogleSignIn-iOS" */ = {
			isa = XCRemoteSwiftPackageReference;
			repositoryURL = "https://github.com/google/GoogleSignIn-iOS";
			requirement = {
				kind = upToNextMajorVersion;
				minimumVersion = 7.0.0;
			};
		};
/* End XCRemoteSwiftPackageReference section */

/* Begin XCSwiftPackageProductDependency section */
		865773302A65A21100D40B59 /* FirebaseAuth */ = {
			isa = XCSwiftPackageProductDependency;
			package = 8657732F2A65A21100D40B59 /* XCRemoteSwiftPackageReference "firebase-ios-sdk" */;
			productName = FirebaseAuth;
		};
		86E502962A6691100001D88A /* GoogleSignIn */ = {
			isa = XCSwiftPackageProductDependency;
			package = 86E502952A6691100001D88A /* XCRemoteSwiftPackageReference "GoogleSignIn-iOS" */;
			productName = GoogleSignIn;
		};
		86E502982A6691100001D88A /* GoogleSignInSwift */ = {
			isa = XCSwiftPackageProductDependency;
			package = 86E502952A6691100001D88A /* XCRemoteSwiftPackageReference "GoogleSignIn-iOS" */;
			productName = GoogleSignInSwift;
		};
		C7553CB62A666E4C00C2104B /* FirebaseFirestore */ = {
			isa = XCSwiftPackageProductDependency;
			package = 8657732F2A65A21100D40B59 /* XCRemoteSwiftPackageReference "firebase-ios-sdk" */;
			productName = FirebaseFirestore;
		};
		C7553CB82A666E4C00C2104B /* FirebaseFirestoreCombine-Community */ = {
			isa = XCSwiftPackageProductDependency;
			package = 8657732F2A65A21100D40B59 /* XCRemoteSwiftPackageReference "firebase-ios-sdk" */;
			productName = "FirebaseFirestoreCombine-Community";
		};
		C7553CBA2A666E4C00C2104B /* FirebaseFirestoreSwift */ = {
			isa = XCSwiftPackageProductDependency;
			package = 8657732F2A65A21100D40B59 /* XCRemoteSwiftPackageReference "firebase-ios-sdk" */;
			productName = FirebaseFirestoreSwift;
		};
		C7EB0EED2A69DB7F00AAC2F4 /* FirebaseStorage */ = {
			isa = XCSwiftPackageProductDependency;
			package = 8657732F2A65A21100D40B59 /* XCRemoteSwiftPackageReference "firebase-ios-sdk" */;
			productName = FirebaseStorage;
		};
/* End XCSwiftPackageProductDependency section */
	};
	rootObject = 865773142A65A18B00D40B59 /* Project object */;
}
