// !$*UTF8*$!
{
	archiveVersion = 1;
	classes = {
	};
	objectVersion = 56;
	objects = {

/* Begin PBXBuildFile section */
		86428B862A65AD8700B2CA7D /* WriteHistoryView.swift in Sources */ = {isa = PBXBuildFile; fileRef = 86428B612A65AD8700B2CA7D /* WriteHistoryView.swift */; };
		86428B872A65AD8700B2CA7D /* DetailView.swift in Sources */ = {isa = PBXBuildFile; fileRef = 86428B632A65AD8700B2CA7D /* DetailView.swift */; };
		86428B892A65AD8700B2CA7D /* ReciveHistoryView.swift in Sources */ = {isa = PBXBuildFile; fileRef = 86428B672A65AD8700B2CA7D /* ReciveHistoryView.swift */; };
		86428B8A2A65AD8700B2CA7D /* SettingView.swift in Sources */ = {isa = PBXBuildFile; fileRef = 86428B692A65AD8700B2CA7D /* SettingView.swift */; };
		86428B8B2A65AD8700B2CA7D /* MainView.swift in Sources */ = {isa = PBXBuildFile; fileRef = 86428B6B2A65AD8700B2CA7D /* MainView.swift */; };
		86428B8D2A65AD8700B2CA7D /* LoginView.swift in Sources */ = {isa = PBXBuildFile; fileRef = 86428B6E2A65AD8700B2CA7D /* LoginView.swift */; };
		86428B8E2A65AD8700B2CA7D /* FirebaseNetwork.swift in Sources */ = {isa = PBXBuildFile; fileRef = 86428B702A65AD8700B2CA7D /* FirebaseNetwork.swift */; };
		86428B8F2A65AD8700B2CA7D /* SampleManager.swift in Sources */ = {isa = PBXBuildFile; fileRef = 86428B722A65AD8700B2CA7D /* SampleManager.swift */; };
		86428B902A65AD8700B2CA7D /* User.swift in Sources */ = {isa = PBXBuildFile; fileRef = 86428B742A65AD8700B2CA7D /* User.swift */; };
		86428B912A65AD8700B2CA7D /* Font.swift in Sources */ = {isa = PBXBuildFile; fileRef = 86428B762A65AD8700B2CA7D /* Font.swift */; };
		86428B922A65AD8700B2CA7D /* ReciveHistoryViewModel.swift in Sources */ = {isa = PBXBuildFile; fileRef = 86428B792A65AD8700B2CA7D /* ReciveHistoryViewModel.swift */; };
		86428B932A65AD8700B2CA7D /* WirteHistoryViewModel.swift in Sources */ = {isa = PBXBuildFile; fileRef = 86428B7B2A65AD8700B2CA7D /* WirteHistoryViewModel.swift */; };
		86428B942A65AD8700B2CA7D /* DetailViewModel.swift in Sources */ = {isa = PBXBuildFile; fileRef = 86428B7D2A65AD8700B2CA7D /* DetailViewModel.swift */; };
		86428B952A65AD8700B2CA7D /* WriteViewModel.swift in Sources */ = {isa = PBXBuildFile; fileRef = 86428B7F2A65AD8700B2CA7D /* WriteViewModel.swift */; };
		86428B962A65AD8700B2CA7D /* SettingViewModel.swift in Sources */ = {isa = PBXBuildFile; fileRef = 86428B812A65AD8700B2CA7D /* SettingViewModel.swift */; };
		86428B972A65AD8700B2CA7D /* MainViewModel.swift in Sources */ = {isa = PBXBuildFile; fileRef = 86428B832A65AD8700B2CA7D /* MainViewModel.swift */; };
		86428B982A65AD8700B2CA7D /* LoginViewModel.swift in Sources */ = {isa = PBXBuildFile; fileRef = 86428B852A65AD8700B2CA7D /* LoginViewModel.swift */; };
		86428BA12A666ABD00B2CA7D /* RootView.swift in Sources */ = {isa = PBXBuildFile; fileRef = 86428B9B2A666ABC00B2CA7D /* RootView.swift */; };
		86428BA22A666ABD00B2CA7D /* SettingsView.swift in Sources */ = {isa = PBXBuildFile; fileRef = 86428B9C2A666ABC00B2CA7D /* SettingsView.swift */; };
		86428BA32A666ABD00B2CA7D /* AuthenticationView.swift in Sources */ = {isa = PBXBuildFile; fileRef = 86428B9D2A666ABC00B2CA7D /* AuthenticationView.swift */; };
		86428BA42A666ABD00B2CA7D /* TopViewControllerManager.swift in Sources */ = {isa = PBXBuildFile; fileRef = 86428B9E2A666ABC00B2CA7D /* TopViewControllerManager.swift */; };
		86428BA52A666ABD00B2CA7D /* AuthenticationManager.swift in Sources */ = {isa = PBXBuildFile; fileRef = 86428B9F2A666ABC00B2CA7D /* AuthenticationManager.swift */; };
		86428BA62A666ABD00B2CA7D /* SignInAppleHelper.swift in Sources */ = {isa = PBXBuildFile; fileRef = 86428BA02A666ABD00B2CA7D /* SignInAppleHelper.swift */; };
		86428BA82A666B3900B2CA7D /* AppleLoginButton.swift in Sources */ = {isa = PBXBuildFile; fileRef = 86428BA72A666B3900B2CA7D /* AppleLoginButton.swift */; };
		86428BAA2A666B8600B2CA7D /* SignWithAppleResult.swift in Sources */ = {isa = PBXBuildFile; fileRef = 86428BA92A666B8600B2CA7D /* SignWithAppleResult.swift */; };
		86428BAC2A666C0900B2CA7D /* AuthDataResultModel.swift in Sources */ = {isa = PBXBuildFile; fileRef = 86428BAB2A666C0900B2CA7D /* AuthDataResultModel.swift */; };
		86428BAF2A666D1C00B2CA7D /* AuthenticationViewModel.swift in Sources */ = {isa = PBXBuildFile; fileRef = 86428BAE2A666D1C00B2CA7D /* AuthenticationViewModel.swift */; };
		86428BB12A666E7500B2CA7D /* SettingsViewModel.swift in Sources */ = {isa = PBXBuildFile; fileRef = 86428BB02A666E7500B2CA7D /* SettingsViewModel.swift */; };
		865773202A65A18B00D40B59 /* LovelyCraneApp.swift in Sources */ = {isa = PBXBuildFile; fileRef = 8657731F2A65A18B00D40B59 /* LovelyCraneApp.swift */; };
		865773222A65A18B00D40B59 /* ContentView.swift in Sources */ = {isa = PBXBuildFile; fileRef = 865773212A65A18B00D40B59 /* ContentView.swift */; };
		865773242A65A18C00D40B59 /* Assets.xcassets in Resources */ = {isa = PBXBuildFile; fileRef = 865773232A65A18C00D40B59 /* Assets.xcassets */; };
		865773272A65A18C00D40B59 /* Preview Assets.xcassets in Resources */ = {isa = PBXBuildFile; fileRef = 865773262A65A18C00D40B59 /* Preview Assets.xcassets */; };
		865773312A65A21100D40B59 /* FirebaseAuth in Frameworks */ = {isa = PBXBuildFile; productRef = 865773302A65A21100D40B59 /* FirebaseAuth */; };
		865773412A65A57C00D40B59 /* GoogleService-Info.plist in Resources */ = {isa = PBXBuildFile; fileRef = 865773402A65A57C00D40B59 /* GoogleService-Info.plist */; };
		C37461BE2A66FEB30078C457 /* WriteView.swift in Sources */ = {isa = PBXBuildFile; fileRef = C37461BD2A66FEB30078C457 /* WriteView.swift */; };
		C37461C22A67ABD60078C457 /* DateManager.swift in Sources */ = {isa = PBXBuildFile; fileRef = C37461C12A67ABD60078C457 /* DateManager.swift */; };
		C37461C42A67AD220078C457 /* WriteModel.swift in Sources */ = {isa = PBXBuildFile; fileRef = C37461C32A67AD220078C457 /* WriteModel.swift */; };
		C37461C62A67AFE60078C457 /* ImagePicker.swift in Sources */ = {isa = PBXBuildFile; fileRef = C37461C52A67AFE60078C457 /* ImagePicker.swift */; };
		C37461C82A67C76C0078C457 /* KeyboardObserver.swift in Sources */ = {isa = PBXBuildFile; fileRef = C37461C72A67C76C0078C457 /* KeyboardObserver.swift */; };
		C7EB0EE72A69D9F200AAC2F4 /* StoargeManager.swift in Sources */ = {isa = PBXBuildFile; fileRef = C7EB0EE62A69D9F200AAC2F4 /* StoargeManager.swift */; };
		C7EB0EEA2A69DB6A00AAC2F4 /* FirebaseFirestore in Frameworks */ = {isa = PBXBuildFile; productRef = C7EB0EE92A69DB6A00AAC2F4 /* FirebaseFirestore */; };
		C7EB0EEC2A69DB7400AAC2F4 /* FirebaseFirestoreSwift in Frameworks */ = {isa = PBXBuildFile; productRef = C7EB0EEB2A69DB7400AAC2F4 /* FirebaseFirestoreSwift */; };
		C7EB0EEE2A69DB7F00AAC2F4 /* FirebaseStorage in Frameworks */ = {isa = PBXBuildFile; productRef = C7EB0EED2A69DB7F00AAC2F4 /* FirebaseStorage */; };
/* End PBXBuildFile section */

/* Begin PBXFileReference section */
		86428B612A65AD8700B2CA7D /* WriteHistoryView.swift */ = {isa = PBXFileReference; fileEncoding = 4; lastKnownFileType = sourcecode.swift; path = WriteHistoryView.swift; sourceTree = "<group>"; };
		86428B632A65AD8700B2CA7D /* DetailView.swift */ = {isa = PBXFileReference; fileEncoding = 4; lastKnownFileType = sourcecode.swift; path = DetailView.swift; sourceTree = "<group>"; };
		86428B672A65AD8700B2CA7D /* ReciveHistoryView.swift */ = {isa = PBXFileReference; fileEncoding = 4; lastKnownFileType = sourcecode.swift; path = ReciveHistoryView.swift; sourceTree = "<group>"; };
		86428B692A65AD8700B2CA7D /* SettingView.swift */ = {isa = PBXFileReference; fileEncoding = 4; lastKnownFileType = sourcecode.swift; path = SettingView.swift; sourceTree = "<group>"; };
		86428B6B2A65AD8700B2CA7D /* MainView.swift */ = {isa = PBXFileReference; fileEncoding = 4; lastKnownFileType = sourcecode.swift; path = MainView.swift; sourceTree = "<group>"; };
		86428B6E2A65AD8700B2CA7D /* LoginView.swift */ = {isa = PBXFileReference; fileEncoding = 4; lastKnownFileType = sourcecode.swift; path = LoginView.swift; sourceTree = "<group>"; };
		86428B702A65AD8700B2CA7D /* FirebaseNetwork.swift */ = {isa = PBXFileReference; fileEncoding = 4; lastKnownFileType = sourcecode.swift; path = FirebaseNetwork.swift; sourceTree = "<group>"; };
		86428B722A65AD8700B2CA7D /* SampleManager.swift */ = {isa = PBXFileReference; fileEncoding = 4; lastKnownFileType = sourcecode.swift; path = SampleManager.swift; sourceTree = "<group>"; };
		86428B742A65AD8700B2CA7D /* User.swift */ = {isa = PBXFileReference; fileEncoding = 4; lastKnownFileType = sourcecode.swift; path = User.swift; sourceTree = "<group>"; };
		86428B762A65AD8700B2CA7D /* Font.swift */ = {isa = PBXFileReference; fileEncoding = 4; lastKnownFileType = sourcecode.swift; path = Font.swift; sourceTree = "<group>"; };
		86428B792A65AD8700B2CA7D /* ReciveHistoryViewModel.swift */ = {isa = PBXFileReference; fileEncoding = 4; lastKnownFileType = sourcecode.swift; path = ReciveHistoryViewModel.swift; sourceTree = "<group>"; };
		86428B7B2A65AD8700B2CA7D /* WirteHistoryViewModel.swift */ = {isa = PBXFileReference; fileEncoding = 4; lastKnownFileType = sourcecode.swift; path = WirteHistoryViewModel.swift; sourceTree = "<group>"; };
		86428B7D2A65AD8700B2CA7D /* DetailViewModel.swift */ = {isa = PBXFileReference; fileEncoding = 4; lastKnownFileType = sourcecode.swift; path = DetailViewModel.swift; sourceTree = "<group>"; };
		86428B7F2A65AD8700B2CA7D /* WriteViewModel.swift */ = {isa = PBXFileReference; fileEncoding = 4; lastKnownFileType = sourcecode.swift; path = WriteViewModel.swift; sourceTree = "<group>"; };
		86428B812A65AD8700B2CA7D /* SettingViewModel.swift */ = {isa = PBXFileReference; fileEncoding = 4; lastKnownFileType = sourcecode.swift; path = SettingViewModel.swift; sourceTree = "<group>"; };
		86428B832A65AD8700B2CA7D /* MainViewModel.swift */ = {isa = PBXFileReference; fileEncoding = 4; lastKnownFileType = sourcecode.swift; path = MainViewModel.swift; sourceTree = "<group>"; };
		86428B852A65AD8700B2CA7D /* LoginViewModel.swift */ = {isa = PBXFileReference; fileEncoding = 4; lastKnownFileType = sourcecode.swift; path = LoginViewModel.swift; sourceTree = "<group>"; };
		86428B992A65B29C00B2CA7D /* LICENSE.md */ = {isa = PBXFileReference; lastKnownFileType = net.daringfireball.markdown; path = LICENSE.md; sourceTree = "<group>"; };
		86428B9B2A666ABC00B2CA7D /* RootView.swift */ = {isa = PBXFileReference; fileEncoding = 4; lastKnownFileType = sourcecode.swift; path = RootView.swift; sourceTree = "<group>"; };
		86428B9C2A666ABC00B2CA7D /* SettingsView.swift */ = {isa = PBXFileReference; fileEncoding = 4; lastKnownFileType = sourcecode.swift; path = SettingsView.swift; sourceTree = "<group>"; };
		86428B9D2A666ABC00B2CA7D /* AuthenticationView.swift */ = {isa = PBXFileReference; fileEncoding = 4; lastKnownFileType = sourcecode.swift; path = AuthenticationView.swift; sourceTree = "<group>"; };
		86428B9E2A666ABC00B2CA7D /* TopViewControllerManager.swift */ = {isa = PBXFileReference; fileEncoding = 4; lastKnownFileType = sourcecode.swift; path = TopViewControllerManager.swift; sourceTree = "<group>"; };
		86428B9F2A666ABC00B2CA7D /* AuthenticationManager.swift */ = {isa = PBXFileReference; fileEncoding = 4; lastKnownFileType = sourcecode.swift; path = AuthenticationManager.swift; sourceTree = "<group>"; };
		86428BA02A666ABD00B2CA7D /* SignInAppleHelper.swift */ = {isa = PBXFileReference; fileEncoding = 4; lastKnownFileType = sourcecode.swift; path = SignInAppleHelper.swift; sourceTree = "<group>"; };
		86428BA72A666B3900B2CA7D /* AppleLoginButton.swift */ = {isa = PBXFileReference; lastKnownFileType = sourcecode.swift; path = AppleLoginButton.swift; sourceTree = "<group>"; };
		86428BA92A666B8600B2CA7D /* SignWithAppleResult.swift */ = {isa = PBXFileReference; lastKnownFileType = sourcecode.swift; path = SignWithAppleResult.swift; sourceTree = "<group>"; };
		86428BAB2A666C0900B2CA7D /* AuthDataResultModel.swift */ = {isa = PBXFileReference; lastKnownFileType = sourcecode.swift; path = AuthDataResultModel.swift; sourceTree = "<group>"; };
		86428BAE2A666D1C00B2CA7D /* AuthenticationViewModel.swift */ = {isa = PBXFileReference; lastKnownFileType = sourcecode.swift; path = AuthenticationViewModel.swift; sourceTree = "<group>"; };
		86428BB02A666E7500B2CA7D /* SettingsViewModel.swift */ = {isa = PBXFileReference; lastKnownFileType = sourcecode.swift; path = SettingsViewModel.swift; sourceTree = "<group>"; };
		8657731C2A65A18B00D40B59 /* LovelyCrane.app */ = {isa = PBXFileReference; explicitFileType = wrapper.application; includeInIndex = 0; path = LovelyCrane.app; sourceTree = BUILT_PRODUCTS_DIR; };
		8657731F2A65A18B00D40B59 /* LovelyCraneApp.swift */ = {isa = PBXFileReference; lastKnownFileType = sourcecode.swift; path = LovelyCraneApp.swift; sourceTree = "<group>"; };
		865773212A65A18B00D40B59 /* ContentView.swift */ = {isa = PBXFileReference; lastKnownFileType = sourcecode.swift; path = ContentView.swift; sourceTree = "<group>"; };
		865773232A65A18C00D40B59 /* Assets.xcassets */ = {isa = PBXFileReference; lastKnownFileType = folder.assetcatalog; path = Assets.xcassets; sourceTree = "<group>"; };
		865773262A65A18C00D40B59 /* Preview Assets.xcassets */ = {isa = PBXFileReference; lastKnownFileType = folder.assetcatalog; path = "Preview Assets.xcassets"; sourceTree = "<group>"; };
		8657733F2A65A41800D40B59 /* LovelyCrane.entitlements */ = {isa = PBXFileReference; lastKnownFileType = text.plist.entitlements; path = LovelyCrane.entitlements; sourceTree = "<group>"; };
		865773402A65A57C00D40B59 /* GoogleService-Info.plist */ = {isa = PBXFileReference; fileEncoding = 4; lastKnownFileType = text.plist.xml; path = "GoogleService-Info.plist"; sourceTree = "<group>"; };
		C37461BD2A66FEB30078C457 /* WriteView.swift */ = {isa = PBXFileReference; lastKnownFileType = sourcecode.swift; path = WriteView.swift; sourceTree = "<group>"; };
		C37461C12A67ABD60078C457 /* DateManager.swift */ = {isa = PBXFileReference; lastKnownFileType = sourcecode.swift; path = DateManager.swift; sourceTree = "<group>"; };
		C37461C32A67AD220078C457 /* WriteModel.swift */ = {isa = PBXFileReference; lastKnownFileType = sourcecode.swift; path = WriteModel.swift; sourceTree = "<group>"; };
		C37461C52A67AFE60078C457 /* ImagePicker.swift */ = {isa = PBXFileReference; lastKnownFileType = sourcecode.swift; path = ImagePicker.swift; sourceTree = "<group>"; };
		C37461C72A67C76C0078C457 /* KeyboardObserver.swift */ = {isa = PBXFileReference; lastKnownFileType = sourcecode.swift; path = KeyboardObserver.swift; sourceTree = "<group>"; };
		C7EB0EE52A69CDE800AAC2F4 /* Info.plist */ = {isa = PBXFileReference; lastKnownFileType = text.plist; path = Info.plist; sourceTree = "<group>"; };
		C7EB0EE62A69D9F200AAC2F4 /* StoargeManager.swift */ = {isa = PBXFileReference; lastKnownFileType = sourcecode.swift; path = StoargeManager.swift; sourceTree = "<group>"; };
/* End PBXFileReference section */

/* Begin PBXFrameworksBuildPhase section */
		865773192A65A18B00D40B59 /* Frameworks */ = {
			isa = PBXFrameworksBuildPhase;
			buildActionMask = 2147483647;
			files = (
				865773312A65A21100D40B59 /* FirebaseAuth in Frameworks */,
				C7EB0EEE2A69DB7F00AAC2F4 /* FirebaseStorage in Frameworks */,
				C7EB0EEA2A69DB6A00AAC2F4 /* FirebaseFirestore in Frameworks */,
				C7EB0EEC2A69DB7400AAC2F4 /* FirebaseFirestoreSwift in Frameworks */,
			);
			runOnlyForDeploymentPostprocessing = 0;
		};
/* End PBXFrameworksBuildPhase section */

/* Begin PBXGroup section */
		86428B5F2A65AD8700B2CA7D /* View */ = {
			isa = PBXGroup;
			children = (
				86428B602A65AD8700B2CA7D /* WriteHistory */,
				86428B622A65AD8700B2CA7D /* DetailPage */,
				86428B642A65AD8700B2CA7D /* WritePage */,
				86428B662A65AD8700B2CA7D /* ReceiveHistory */,
				86428B682A65AD8700B2CA7D /* Setting */,
				86428B6A2A65AD8700B2CA7D /* Main */,
				86428B6D2A65AD8700B2CA7D /* Login */,
			);
			path = View;
			sourceTree = "<group>";
		};
		86428B602A65AD8700B2CA7D /* WriteHistory */ = {
			isa = PBXGroup;
			children = (
				86428B612A65AD8700B2CA7D /* WriteHistoryView.swift */,
			);
			path = WriteHistory;
			sourceTree = "<group>";
		};
		86428B622A65AD8700B2CA7D /* DetailPage */ = {
			isa = PBXGroup;
			children = (
				86428B632A65AD8700B2CA7D /* DetailView.swift */,
			);
			path = DetailPage;
			sourceTree = "<group>";
		};
		86428B642A65AD8700B2CA7D /* WritePage */ = {
			isa = PBXGroup;
			children = (
				C37461BD2A66FEB30078C457 /* WriteView.swift */,
			);
			path = WritePage;
			sourceTree = "<group>";
		};
		86428B662A65AD8700B2CA7D /* ReceiveHistory */ = {
			isa = PBXGroup;
			children = (
				86428B672A65AD8700B2CA7D /* ReciveHistoryView.swift */,
			);
			path = ReceiveHistory;
			sourceTree = "<group>";
		};
		86428B682A65AD8700B2CA7D /* Setting */ = {
			isa = PBXGroup;
			children = (
				86428B692A65AD8700B2CA7D /* SettingView.swift */,
			);
			path = Setting;
			sourceTree = "<group>";
		};
		86428B6A2A65AD8700B2CA7D /* Main */ = {
			isa = PBXGroup;
			children = (
				86428B6B2A65AD8700B2CA7D /* MainView.swift */,
			);
			path = Main;
			sourceTree = "<group>";
		};
		86428B6D2A65AD8700B2CA7D /* Login */ = {
			isa = PBXGroup;
			children = (
				86428B6E2A65AD8700B2CA7D /* LoginView.swift */,
				86428B9C2A666ABC00B2CA7D /* SettingsView.swift */,
				86428B9D2A666ABC00B2CA7D /* AuthenticationView.swift */,
				86428BA72A666B3900B2CA7D /* AppleLoginButton.swift */,
			);
			path = Login;
			sourceTree = "<group>";
		};
		86428B6F2A65AD8700B2CA7D /* Network */ = {
			isa = PBXGroup;
			children = (
				86428B702A65AD8700B2CA7D /* FirebaseNetwork.swift */,
				C7EB0EE62A69D9F200AAC2F4 /* StoargeManager.swift */,
			);
			path = Network;
			sourceTree = "<group>";
		};
		86428B712A65AD8700B2CA7D /* Manager */ = {
			isa = PBXGroup;
			children = (
				86428BAD2A666C6200B2CA7D /* Helpers */,
				86428B722A65AD8700B2CA7D /* SampleManager.swift */,
				86428B9F2A666ABC00B2CA7D /* AuthenticationManager.swift */,
				86428B9E2A666ABC00B2CA7D /* TopViewControllerManager.swift */,
				C37461C12A67ABD60078C457 /* DateManager.swift */,
				C37461C52A67AFE60078C457 /* ImagePicker.swift */,
				C37461C72A67C76C0078C457 /* KeyboardObserver.swift */,
			);
			path = Manager;
			sourceTree = "<group>";
		};
		86428B732A65AD8700B2CA7D /* Model */ = {
			isa = PBXGroup;
			children = (
				86428B742A65AD8700B2CA7D /* User.swift */,
				86428BA92A666B8600B2CA7D /* SignWithAppleResult.swift */,
				86428BAB2A666C0900B2CA7D /* AuthDataResultModel.swift */,
				C37461C32A67AD220078C457 /* WriteModel.swift */,
			);
			path = Model;
			sourceTree = "<group>";
		};
		86428B752A65AD8700B2CA7D /* Common */ = {
			isa = PBXGroup;
			children = (
				86428B762A65AD8700B2CA7D /* Font.swift */,
			);
			path = Common;
			sourceTree = "<group>";
		};
		86428B772A65AD8700B2CA7D /* ViewModel */ = {
			isa = PBXGroup;
			children = (
				86428B782A65AD8700B2CA7D /* ReciveHistory */,
				86428B7A2A65AD8700B2CA7D /* WriteHistory */,
				86428B7C2A65AD8700B2CA7D /* DetailPage */,
				86428B7E2A65AD8700B2CA7D /* WritePage */,
				86428B802A65AD8700B2CA7D /* Setting */,
				86428B822A65AD8700B2CA7D /* MainView */,
				86428B842A65AD8700B2CA7D /* LoginView */,
			);
			path = ViewModel;
			sourceTree = "<group>";
		};
		86428B782A65AD8700B2CA7D /* ReciveHistory */ = {
			isa = PBXGroup;
			children = (
				86428B792A65AD8700B2CA7D /* ReciveHistoryViewModel.swift */,
			);
			path = ReciveHistory;
			sourceTree = "<group>";
		};
		86428B7A2A65AD8700B2CA7D /* WriteHistory */ = {
			isa = PBXGroup;
			children = (
				86428B7B2A65AD8700B2CA7D /* WirteHistoryViewModel.swift */,
			);
			path = WriteHistory;
			sourceTree = "<group>";
		};
		86428B7C2A65AD8700B2CA7D /* DetailPage */ = {
			isa = PBXGroup;
			children = (
				86428B7D2A65AD8700B2CA7D /* DetailViewModel.swift */,
			);
			path = DetailPage;
			sourceTree = "<group>";
		};
		86428B7E2A65AD8700B2CA7D /* WritePage */ = {
			isa = PBXGroup;
			children = (
				86428B7F2A65AD8700B2CA7D /* WriteViewModel.swift */,
			);
			path = WritePage;
			sourceTree = "<group>";
		};
		86428B802A65AD8700B2CA7D /* Setting */ = {
			isa = PBXGroup;
			children = (
				86428B812A65AD8700B2CA7D /* SettingViewModel.swift */,
			);
			path = Setting;
			sourceTree = "<group>";
		};
		86428B822A65AD8700B2CA7D /* MainView */ = {
			isa = PBXGroup;
			children = (
				86428B832A65AD8700B2CA7D /* MainViewModel.swift */,
			);
			path = MainView;
			sourceTree = "<group>";
		};
		86428B842A65AD8700B2CA7D /* LoginView */ = {
			isa = PBXGroup;
			children = (
				86428B852A65AD8700B2CA7D /* LoginViewModel.swift */,
				86428BAE2A666D1C00B2CA7D /* AuthenticationViewModel.swift */,
				86428BB02A666E7500B2CA7D /* SettingsViewModel.swift */,
			);
			path = LoginView;
			sourceTree = "<group>";
		};
		86428BAD2A666C6200B2CA7D /* Helpers */ = {
			isa = PBXGroup;
			children = (
				86428BA02A666ABD00B2CA7D /* SignInAppleHelper.swift */,
			);
			path = Helpers;
			sourceTree = "<group>";
		};
		865773132A65A18B00D40B59 = {
			isa = PBXGroup;
			children = (
				8657731E2A65A18B00D40B59 /* LovelyCrane */,
				8657731D2A65A18B00D40B59 /* Products */,
				C7EB0EE82A69DB6A00AAC2F4 /* Frameworks */,
			);
			sourceTree = "<group>";
		};
		8657731D2A65A18B00D40B59 /* Products */ = {
			isa = PBXGroup;
			children = (
				8657731C2A65A18B00D40B59 /* LovelyCrane.app */,
			);
			name = Products;
			sourceTree = "<group>";
		};
		8657731E2A65A18B00D40B59 /* LovelyCrane */ = {
			isa = PBXGroup;
			children = (
				C7EB0EE52A69CDE800AAC2F4 /* Info.plist */,
				865773402A65A57C00D40B59 /* GoogleService-Info.plist */,
				8657733F2A65A41800D40B59 /* LovelyCrane.entitlements */,
				86428B752A65AD8700B2CA7D /* Common */,
				86428B712A65AD8700B2CA7D /* Manager */,
				86428B732A65AD8700B2CA7D /* Model */,
				86428B6F2A65AD8700B2CA7D /* Network */,
				86428B5F2A65AD8700B2CA7D /* View */,
				86428B772A65AD8700B2CA7D /* ViewModel */,
				8657731F2A65A18B00D40B59 /* LovelyCraneApp.swift */,
				865773212A65A18B00D40B59 /* ContentView.swift */,
				86428B9B2A666ABC00B2CA7D /* RootView.swift */,
				865773232A65A18C00D40B59 /* Assets.xcassets */,
				865773252A65A18C00D40B59 /* Preview Content */,
				86428B992A65B29C00B2CA7D /* LICENSE.md */,
			);
			path = LovelyCrane;
			sourceTree = "<group>";
		};
		865773252A65A18C00D40B59 /* Preview Content */ = {
			isa = PBXGroup;
			children = (
				865773262A65A18C00D40B59 /* Preview Assets.xcassets */,
			);
			path = "Preview Content";
			sourceTree = "<group>";
		};
		C7EB0EE82A69DB6A00AAC2F4 /* Frameworks */ = {
			isa = PBXGroup;
			children = (
			);
			name = Frameworks;
			sourceTree = "<group>";
		};
/* End PBXGroup section */

/* Begin PBXNativeTarget section */
		8657731B2A65A18B00D40B59 /* LovelyCrane */ = {
			isa = PBXNativeTarget;
			buildConfigurationList = 8657732A2A65A18C00D40B59 /* Build configuration list for PBXNativeTarget "LovelyCrane" */;
			buildPhases = (
				865773182A65A18B00D40B59 /* Sources */,
				865773192A65A18B00D40B59 /* Frameworks */,
				8657731A2A65A18B00D40B59 /* Resources */,
			);
			buildRules = (
			);
			dependencies = (
			);
			name = LovelyCrane;
			packageProductDependencies = (
				865773302A65A21100D40B59 /* FirebaseAuth */,
				C7EB0EE92A69DB6A00AAC2F4 /* FirebaseFirestore */,
				C7EB0EEB2A69DB7400AAC2F4 /* FirebaseFirestoreSwift */,
				C7EB0EED2A69DB7F00AAC2F4 /* FirebaseStorage */,
			);
			productName = LovelyCrane;
			productReference = 8657731C2A65A18B00D40B59 /* LovelyCrane.app */;
			productType = "com.apple.product-type.application";
		};
/* End PBXNativeTarget section */

/* Begin PBXProject section */
		865773142A65A18B00D40B59 /* Project object */ = {
			isa = PBXProject;
			attributes = {
				BuildIndependentTargetsInParallel = 1;
				LastSwiftUpdateCheck = 1430;
				LastUpgradeCheck = 1430;
				TargetAttributes = {
					8657731B2A65A18B00D40B59 = {
						CreatedOnToolsVersion = 14.3;
					};
				};
			};
			buildConfigurationList = 865773172A65A18B00D40B59 /* Build configuration list for PBXProject "LovelyCrane" */;
			compatibilityVersion = "Xcode 14.0";
			developmentRegion = en;
			hasScannedForEncodings = 0;
			knownRegions = (
				en,
				Base,
			);
			mainGroup = 865773132A65A18B00D40B59;
			packageReferences = (
				8657732F2A65A21100D40B59 /* XCRemoteSwiftPackageReference "firebase-ios-sdk" */,
			);
			productRefGroup = 8657731D2A65A18B00D40B59 /* Products */;
			projectDirPath = "";
			projectRoot = "";
			targets = (
				8657731B2A65A18B00D40B59 /* LovelyCrane */,
			);
		};
/* End PBXProject section */

/* Begin PBXResourcesBuildPhase section */
		8657731A2A65A18B00D40B59 /* Resources */ = {
			isa = PBXResourcesBuildPhase;
			buildActionMask = 2147483647;
			files = (
				865773272A65A18C00D40B59 /* Preview Assets.xcassets in Resources */,
				865773412A65A57C00D40B59 /* GoogleService-Info.plist in Resources */,
				865773242A65A18C00D40B59 /* Assets.xcassets in Resources */,
			);
			runOnlyForDeploymentPostprocessing = 0;
		};
/* End PBXResourcesBuildPhase section */

/* Begin PBXSourcesBuildPhase section */
		865773182A65A18B00D40B59 /* Sources */ = {
			isa = PBXSourcesBuildPhase;
			buildActionMask = 2147483647;
			files = (
				86428BAC2A666C0900B2CA7D /* AuthDataResultModel.swift in Sources */,
				86428B8B2A65AD8700B2CA7D /* MainView.swift in Sources */,
				86428B872A65AD8700B2CA7D /* DetailView.swift in Sources */,
				C37461C62A67AFE60078C457 /* ImagePicker.swift in Sources */,
				86428BAA2A666B8600B2CA7D /* SignWithAppleResult.swift in Sources */,
				86428B972A65AD8700B2CA7D /* MainViewModel.swift in Sources */,
				C37461C22A67ABD60078C457 /* DateManager.swift in Sources */,
				86428B962A65AD8700B2CA7D /* SettingViewModel.swift in Sources */,
				86428BAF2A666D1C00B2CA7D /* AuthenticationViewModel.swift in Sources */,
				86428B862A65AD8700B2CA7D /* WriteHistoryView.swift in Sources */,
				86428B982A65AD8700B2CA7D /* LoginViewModel.swift in Sources */,
				86428BA42A666ABD00B2CA7D /* TopViewControllerManager.swift in Sources */,
				86428B952A65AD8700B2CA7D /* WriteViewModel.swift in Sources */,
				86428B922A65AD8700B2CA7D /* ReciveHistoryViewModel.swift in Sources */,
				C37461C42A67AD220078C457 /* WriteModel.swift in Sources */,
				86428B8F2A65AD8700B2CA7D /* SampleManager.swift in Sources */,
				86428B942A65AD8700B2CA7D /* DetailViewModel.swift in Sources */,
				C37461BE2A66FEB30078C457 /* WriteView.swift in Sources */,
				86428BA12A666ABD00B2CA7D /* RootView.swift in Sources */,
				86428BA52A666ABD00B2CA7D /* AuthenticationManager.swift in Sources */,
				86428B8A2A65AD8700B2CA7D /* SettingView.swift in Sources */,
				86428BB12A666E7500B2CA7D /* SettingsViewModel.swift in Sources */,
				86428B912A65AD8700B2CA7D /* Font.swift in Sources */,
				C7EB0EE72A69D9F200AAC2F4 /* StoargeManager.swift in Sources */,
				86428B932A65AD8700B2CA7D /* WirteHistoryViewModel.swift in Sources */,
				86428B892A65AD8700B2CA7D /* ReciveHistoryView.swift in Sources */,
				865773222A65A18B00D40B59 /* ContentView.swift in Sources */,
				86428B8E2A65AD8700B2CA7D /* FirebaseNetwork.swift in Sources */,
				86428BA32A666ABD00B2CA7D /* AuthenticationView.swift in Sources */,
				86428BA82A666B3900B2CA7D /* AppleLoginButton.swift in Sources */,
				86428B8D2A65AD8700B2CA7D /* LoginView.swift in Sources */,
				C37461C82A67C76C0078C457 /* KeyboardObserver.swift in Sources */,
				865773202A65A18B00D40B59 /* LovelyCraneApp.swift in Sources */,
				86428B902A65AD8700B2CA7D /* User.swift in Sources */,
				86428BA62A666ABD00B2CA7D /* SignInAppleHelper.swift in Sources */,
				86428BA22A666ABD00B2CA7D /* SettingsView.swift in Sources */,
			);
			runOnlyForDeploymentPostprocessing = 0;
		};
/* End PBXSourcesBuildPhase section */

/* Begin XCBuildConfiguration section */
		865773282A65A18C00D40B59 /* Debug */ = {
			isa = XCBuildConfiguration;
			buildSettings = {
				ALWAYS_SEARCH_USER_PATHS = NO;
				CLANG_ANALYZER_NONNULL = YES;
				CLANG_ANALYZER_NUMBER_OBJECT_CONVERSION = YES_AGGRESSIVE;
				CLANG_CXX_LANGUAGE_STANDARD = "gnu++20";
				CLANG_ENABLE_MODULES = YES;
				CLANG_ENABLE_OBJC_ARC = YES;
				CLANG_ENABLE_OBJC_WEAK = YES;
				CLANG_WARN_BLOCK_CAPTURE_AUTORELEASING = YES;
				CLANG_WARN_BOOL_CONVERSION = YES;
				CLANG_WARN_COMMA = YES;
				CLANG_WARN_CONSTANT_CONVERSION = YES;
				CLANG_WARN_DEPRECATED_OBJC_IMPLEMENTATIONS = YES;
				CLANG_WARN_DIRECT_OBJC_ISA_USAGE = YES_ERROR;
				CLANG_WARN_DOCUMENTATION_COMMENTS = YES;
				CLANG_WARN_EMPTY_BODY = YES;
				CLANG_WARN_ENUM_CONVERSION = YES;
				CLANG_WARN_INFINITE_RECURSION = YES;
				CLANG_WARN_INT_CONVERSION = YES;
				CLANG_WARN_NON_LITERAL_NULL_CONVERSION = YES;
				CLANG_WARN_OBJC_IMPLICIT_RETAIN_SELF = YES;
				CLANG_WARN_OBJC_LITERAL_CONVERSION = YES;
				CLANG_WARN_OBJC_ROOT_CLASS = YES_ERROR;
				CLANG_WARN_QUOTED_INCLUDE_IN_FRAMEWORK_HEADER = YES;
				CLANG_WARN_RANGE_LOOP_ANALYSIS = YES;
				CLANG_WARN_STRICT_PROTOTYPES = YES;
				CLANG_WARN_SUSPICIOUS_MOVE = YES;
				CLANG_WARN_UNGUARDED_AVAILABILITY = YES_AGGRESSIVE;
				CLANG_WARN_UNREACHABLE_CODE = YES;
				CLANG_WARN__DUPLICATE_METHOD_MATCH = YES;
				COPY_PHASE_STRIP = NO;
				DEBUG_INFORMATION_FORMAT = dwarf;
				ENABLE_STRICT_OBJC_MSGSEND = YES;
				ENABLE_TESTABILITY = YES;
				GCC_C_LANGUAGE_STANDARD = gnu11;
				GCC_DYNAMIC_NO_PIC = NO;
				GCC_NO_COMMON_BLOCKS = YES;
				GCC_OPTIMIZATION_LEVEL = 0;
				GCC_PREPROCESSOR_DEFINITIONS = (
					"DEBUG=1",
					"$(inherited)",
				);
				GCC_WARN_64_TO_32_BIT_CONVERSION = YES;
				GCC_WARN_ABOUT_RETURN_TYPE = YES_ERROR;
				GCC_WARN_UNDECLARED_SELECTOR = YES;
				GCC_WARN_UNINITIALIZED_AUTOS = YES_AGGRESSIVE;
				GCC_WARN_UNUSED_FUNCTION = YES;
				GCC_WARN_UNUSED_VARIABLE = YES;
				IPHONEOS_DEPLOYMENT_TARGET = 16.4;
				MTL_ENABLE_DEBUG_INFO = INCLUDE_SOURCE;
				MTL_FAST_MATH = YES;
				ONLY_ACTIVE_ARCH = YES;
				SDKROOT = iphoneos;
				SWIFT_ACTIVE_COMPILATION_CONDITIONS = DEBUG;
				SWIFT_OPTIMIZATION_LEVEL = "-Onone";
			};
			name = Debug;
		};
		865773292A65A18C00D40B59 /* Release */ = {
			isa = XCBuildConfiguration;
			buildSettings = {
				ALWAYS_SEARCH_USER_PATHS = NO;
				CLANG_ANALYZER_NONNULL = YES;
				CLANG_ANALYZER_NUMBER_OBJECT_CONVERSION = YES_AGGRESSIVE;
				CLANG_CXX_LANGUAGE_STANDARD = "gnu++20";
				CLANG_ENABLE_MODULES = YES;
				CLANG_ENABLE_OBJC_ARC = YES;
				CLANG_ENABLE_OBJC_WEAK = YES;
				CLANG_WARN_BLOCK_CAPTURE_AUTORELEASING = YES;
				CLANG_WARN_BOOL_CONVERSION = YES;
				CLANG_WARN_COMMA = YES;
				CLANG_WARN_CONSTANT_CONVERSION = YES;
				CLANG_WARN_DEPRECATED_OBJC_IMPLEMENTATIONS = YES;
				CLANG_WARN_DIRECT_OBJC_ISA_USAGE = YES_ERROR;
				CLANG_WARN_DOCUMENTATION_COMMENTS = YES;
				CLANG_WARN_EMPTY_BODY = YES;
				CLANG_WARN_ENUM_CONVERSION = YES;
				CLANG_WARN_INFINITE_RECURSION = YES;
				CLANG_WARN_INT_CONVERSION = YES;
				CLANG_WARN_NON_LITERAL_NULL_CONVERSION = YES;
				CLANG_WARN_OBJC_IMPLICIT_RETAIN_SELF = YES;
				CLANG_WARN_OBJC_LITERAL_CONVERSION = YES;
				CLANG_WARN_OBJC_ROOT_CLASS = YES_ERROR;
				CLANG_WARN_QUOTED_INCLUDE_IN_FRAMEWORK_HEADER = YES;
				CLANG_WARN_RANGE_LOOP_ANALYSIS = YES;
				CLANG_WARN_STRICT_PROTOTYPES = YES;
				CLANG_WARN_SUSPICIOUS_MOVE = YES;
				CLANG_WARN_UNGUARDED_AVAILABILITY = YES_AGGRESSIVE;
				CLANG_WARN_UNREACHABLE_CODE = YES;
				CLANG_WARN__DUPLICATE_METHOD_MATCH = YES;
				COPY_PHASE_STRIP = NO;
				DEBUG_INFORMATION_FORMAT = "dwarf-with-dsym";
				ENABLE_NS_ASSERTIONS = NO;
				ENABLE_STRICT_OBJC_MSGSEND = YES;
				GCC_C_LANGUAGE_STANDARD = gnu11;
				GCC_NO_COMMON_BLOCKS = YES;
				GCC_WARN_64_TO_32_BIT_CONVERSION = YES;
				GCC_WARN_ABOUT_RETURN_TYPE = YES_ERROR;
				GCC_WARN_UNDECLARED_SELECTOR = YES;
				GCC_WARN_UNINITIALIZED_AUTOS = YES_AGGRESSIVE;
				GCC_WARN_UNUSED_FUNCTION = YES;
				GCC_WARN_UNUSED_VARIABLE = YES;
				IPHONEOS_DEPLOYMENT_TARGET = 16.4;
				MTL_ENABLE_DEBUG_INFO = NO;
				MTL_FAST_MATH = YES;
				SDKROOT = iphoneos;
				SWIFT_COMPILATION_MODE = wholemodule;
				SWIFT_OPTIMIZATION_LEVEL = "-O";
				VALIDATE_PRODUCT = YES;
			};
			name = Release;
		};
		8657732B2A65A18C00D40B59 /* Debug */ = {
			isa = XCBuildConfiguration;
			buildSettings = {
				ASSETCATALOG_COMPILER_APPICON_NAME = AppIcon;
				ASSETCATALOG_COMPILER_GLOBAL_ACCENT_COLOR_NAME = AccentColor;
				CODE_SIGN_ENTITLEMENTS = LovelyCrane/LovelyCrane.entitlements;
				CODE_SIGN_STYLE = Automatic;
				CURRENT_PROJECT_VERSION = 1;
				DEVELOPMENT_ASSET_PATHS = "\"LovelyCrane/Preview Content\"";
				DEVELOPMENT_TEAM = NG2NLR2Z86;
				ENABLE_PREVIEWS = YES;
				GENERATE_INFOPLIST_FILE = YES;
				INFOPLIST_FILE = LovelyCrane/Info.plist;
				INFOPLIST_KEY_NSPhotoLibraryUsageDescription = "카메라촬영할께여";
				INFOPLIST_KEY_UIApplicationSceneManifest_Generation = YES;
				INFOPLIST_KEY_UIApplicationSupportsIndirectInputEvents = YES;
				INFOPLIST_KEY_UILaunchScreen_Generation = YES;
				INFOPLIST_KEY_UISupportedInterfaceOrientations_iPad = "UIInterfaceOrientationPortrait UIInterfaceOrientationPortraitUpsideDown UIInterfaceOrientationLandscapeLeft UIInterfaceOrientationLandscapeRight";
				INFOPLIST_KEY_UISupportedInterfaceOrientations_iPhone = "UIInterfaceOrientationPortrait UIInterfaceOrientationLandscapeLeft UIInterfaceOrientationLandscapeRight";
				IPHONEOS_DEPLOYMENT_TARGET = 16;
				LD_RUNPATH_SEARCH_PATHS = (
					"$(inherited)",
					"@executable_path/Frameworks",
				);
				MARKETING_VERSION = 1.0;
				PRODUCT_BUNDLE_IDENTIFIER = com.muteki.LovelyCrane;
				PRODUCT_NAME = "$(TARGET_NAME)";
				SUPPORTED_PLATFORMS = "iphoneos iphonesimulator";
				SUPPORTS_MACCATALYST = NO;
				SUPPORTS_MAC_DESIGNED_FOR_IPHONE_IPAD = NO;
				SWIFT_EMIT_LOC_STRINGS = YES;
				SWIFT_VERSION = 5.0;
				TARGETED_DEVICE_FAMILY = 1;
			};
			name = Debug;
		};
		8657732C2A65A18C00D40B59 /* Release */ = {
			isa = XCBuildConfiguration;
			buildSettings = {
				ASSETCATALOG_COMPILER_APPICON_NAME = AppIcon;
				ASSETCATALOG_COMPILER_GLOBAL_ACCENT_COLOR_NAME = AccentColor;
				CODE_SIGN_ENTITLEMENTS = LovelyCrane/LovelyCrane.entitlements;
				CODE_SIGN_STYLE = Automatic;
				CURRENT_PROJECT_VERSION = 1;
				DEVELOPMENT_ASSET_PATHS = "\"LovelyCrane/Preview Content\"";
				DEVELOPMENT_TEAM = NG2NLR2Z86;
				ENABLE_PREVIEWS = YES;
				GENERATE_INFOPLIST_FILE = YES;
				INFOPLIST_FILE = LovelyCrane/Info.plist;
				INFOPLIST_KEY_NSPhotoLibraryUsageDescription = "카메라촬영할께여";
				INFOPLIST_KEY_UIApplicationSceneManifest_Generation = YES;
				INFOPLIST_KEY_UIApplicationSupportsIndirectInputEvents = YES;
				INFOPLIST_KEY_UILaunchScreen_Generation = YES;
				INFOPLIST_KEY_UISupportedInterfaceOrientations_iPad = "UIInterfaceOrientationPortrait UIInterfaceOrientationPortraitUpsideDown UIInterfaceOrientationLandscapeLeft UIInterfaceOrientationLandscapeRight";
				INFOPLIST_KEY_UISupportedInterfaceOrientations_iPhone = "UIInterfaceOrientationPortrait UIInterfaceOrientationLandscapeLeft UIInterfaceOrientationLandscapeRight";
				IPHONEOS_DEPLOYMENT_TARGET = 16;
				LD_RUNPATH_SEARCH_PATHS = (
					"$(inherited)",
					"@executable_path/Frameworks",
				);
				MARKETING_VERSION = 1.0;
				PRODUCT_BUNDLE_IDENTIFIER = com.muteki.LovelyCrane;
				PRODUCT_NAME = "$(TARGET_NAME)";
				SUPPORTED_PLATFORMS = "iphoneos iphonesimulator";
				SUPPORTS_MACCATALYST = NO;
				SUPPORTS_MAC_DESIGNED_FOR_IPHONE_IPAD = NO;
				SWIFT_EMIT_LOC_STRINGS = YES;
				SWIFT_VERSION = 5.0;
				TARGETED_DEVICE_FAMILY = 1;
			};
			name = Release;
		};
/* End XCBuildConfiguration section */

/* Begin XCConfigurationList section */
		865773172A65A18B00D40B59 /* Build configuration list for PBXProject "LovelyCrane" */ = {
			isa = XCConfigurationList;
			buildConfigurations = (
				865773282A65A18C00D40B59 /* Debug */,
				865773292A65A18C00D40B59 /* Release */,
			);
			defaultConfigurationIsVisible = 0;
			defaultConfigurationName = Release;
		};
		8657732A2A65A18C00D40B59 /* Build configuration list for PBXNativeTarget "LovelyCrane" */ = {
			isa = XCConfigurationList;
			buildConfigurations = (
				8657732B2A65A18C00D40B59 /* Debug */,
				8657732C2A65A18C00D40B59 /* Release */,
			);
			defaultConfigurationIsVisible = 0;
			defaultConfigurationName = Release;
		};
/* End XCConfigurationList section */

/* Begin XCRemoteSwiftPackageReference section */
		8657732F2A65A21100D40B59 /* XCRemoteSwiftPackageReference "firebase-ios-sdk" */ = {
			isa = XCRemoteSwiftPackageReference;
			repositoryURL = "https://github.com/firebase/firebase-ios-sdk";
			requirement = {
				kind = upToNextMajorVersion;
				minimumVersion = 10.0.0;
			};
		};
/* End XCRemoteSwiftPackageReference section */

/* Begin XCSwiftPackageProductDependency section */
		865773302A65A21100D40B59 /* FirebaseAuth */ = {
			isa = XCSwiftPackageProductDependency;
			package = 8657732F2A65A21100D40B59 /* XCRemoteSwiftPackageReference "firebase-ios-sdk" */;
			productName = FirebaseAuth;
		};
		C7EB0EE92A69DB6A00AAC2F4 /* FirebaseFirestore */ = {
			isa = XCSwiftPackageProductDependency;
			package = 8657732F2A65A21100D40B59 /* XCRemoteSwiftPackageReference "firebase-ios-sdk" */;
			productName = FirebaseFirestore;
		};
		C7EB0EEB2A69DB7400AAC2F4 /* FirebaseFirestoreSwift */ = {
			isa = XCSwiftPackageProductDependency;
			package = 8657732F2A65A21100D40B59 /* XCRemoteSwiftPackageReference "firebase-ios-sdk" */;
			productName = FirebaseFirestoreSwift;
		};
		C7EB0EED2A69DB7F00AAC2F4 /* FirebaseStorage */ = {
			isa = XCSwiftPackageProductDependency;
			package = 8657732F2A65A21100D40B59 /* XCRemoteSwiftPackageReference "firebase-ios-sdk" */;
			productName = FirebaseStorage;
		};
/* End XCSwiftPackageProductDependency section */
	};
	rootObject = 865773142A65A18B00D40B59 /* Project object */;
}
